// !$*UTF8*$!
{
	archiveVersion = 1;
	classes = {
	};
	objectVersion = 46;
	objects = {

/* Begin PBXBuildFile section */
		101FC4851D1D3242006C8135 /* Default-568h@2x.png in Resources */ = {isa = PBXBuildFile; fileRef = 101FC4841D1D3242006C8135 /* Default-568h@2x.png */; };
		109236DB1CFBF51600CE0BB0 /* main.m in Sources */ = {isa = PBXBuildFile; fileRef = 109236DA1CFBF51600CE0BB0 /* main.m */; };
		109236DE1CFBF51600CE0BB0 /* AppDelegate.m in Sources */ = {isa = PBXBuildFile; fileRef = 109236DD1CFBF51600CE0BB0 /* AppDelegate.m */; };
		109236E61CFBF51600CE0BB0 /* Assets.xcassets in Resources */ = {isa = PBXBuildFile; fileRef = 109236E51CFBF51600CE0BB0 /* Assets.xcassets */; };
		109236E91CFBF51600CE0BB0 /* LaunchScreen.storyboard in Resources */ = {isa = PBXBuildFile; fileRef = 109236E71CFBF51600CE0BB0 /* LaunchScreen.storyboard */; };
		109236F41CFBF51600CE0BB0 /* iOSAPITests.m in Sources */ = {isa = PBXBuildFile; fileRef = 109236F31CFBF51600CE0BB0 /* iOSAPITests.m */; };
		109236FF1CFBF51600CE0BB0 /* iOSAPIUITests.m in Sources */ = {isa = PBXBuildFile; fileRef = 109236FE1CFBF51600CE0BB0 /* iOSAPIUITests.m */; };
/* End PBXBuildFile section */

/* Begin PBXContainerItemProxy section */
		109236F01CFBF51600CE0BB0 /* PBXContainerItemProxy */ = {
			isa = PBXContainerItemProxy;
			containerPortal = 109236CE1CFBF51600CE0BB0 /* Project object */;
			proxyType = 1;
			remoteGlobalIDString = 109236D51CFBF51600CE0BB0;
			remoteInfo = iOSAPI;
		};
		109236FB1CFBF51600CE0BB0 /* PBXContainerItemProxy */ = {
			isa = PBXContainerItemProxy;
			containerPortal = 109236CE1CFBF51600CE0BB0 /* Project object */;
			proxyType = 1;
			remoteGlobalIDString = 109236D51CFBF51600CE0BB0;
			remoteInfo = iOSAPI;
		};
/* End PBXContainerItemProxy section */

/* Begin PBXFileReference section */
		101FC3DC1D1D320E006C8135 /* NSAttributedString.h */ = {isa = PBXFileReference; fileEncoding = 4; lastKnownFileType = sourcecode.c.h; path = NSAttributedString.h; sourceTree = "<group>"; };
		101FC3DD1D1D320E006C8135 /* NSDataAsset.h */ = {isa = PBXFileReference; fileEncoding = 4; lastKnownFileType = sourcecode.c.h; path = NSDataAsset.h; sourceTree = "<group>"; };
		101FC3DE1D1D320E006C8135 /* NSFileProviderExtension.h */ = {isa = PBXFileReference; fileEncoding = 4; lastKnownFileType = sourcecode.c.h; path = NSFileProviderExtension.h; sourceTree = "<group>"; };
		101FC3DF1D1D320E006C8135 /* NSLayoutAnchor.h */ = {isa = PBXFileReference; fileEncoding = 4; lastKnownFileType = sourcecode.c.h; path = NSLayoutAnchor.h; sourceTree = "<group>"; };
		101FC3E01D1D320E006C8135 /* NSLayoutConstraint.h */ = {isa = PBXFileReference; fileEncoding = 4; lastKnownFileType = sourcecode.c.h; path = NSLayoutConstraint.h; sourceTree = "<group>"; };
		101FC3E11D1D320E006C8135 /* NSLayoutManager.h */ = {isa = PBXFileReference; fileEncoding = 4; lastKnownFileType = sourcecode.c.h; path = NSLayoutManager.h; sourceTree = "<group>"; };
		101FC3E21D1D320E006C8135 /* NSParagraphStyle.h */ = {isa = PBXFileReference; fileEncoding = 4; lastKnownFileType = sourcecode.c.h; path = NSParagraphStyle.h; sourceTree = "<group>"; };
		101FC3E31D1D320E006C8135 /* NSShadow.h */ = {isa = PBXFileReference; fileEncoding = 4; lastKnownFileType = sourcecode.c.h; path = NSShadow.h; sourceTree = "<group>"; };
		101FC3E41D1D320E006C8135 /* NSStringDrawing.h */ = {isa = PBXFileReference; fileEncoding = 4; lastKnownFileType = sourcecode.c.h; path = NSStringDrawing.h; sourceTree = "<group>"; };
		101FC3E51D1D320E006C8135 /* NSText.h */ = {isa = PBXFileReference; fileEncoding = 4; lastKnownFileType = sourcecode.c.h; path = NSText.h; sourceTree = "<group>"; };
		101FC3E61D1D320E006C8135 /* NSTextAttachment.h */ = {isa = PBXFileReference; fileEncoding = 4; lastKnownFileType = sourcecode.c.h; path = NSTextAttachment.h; sourceTree = "<group>"; };
		101FC3E71D1D320E006C8135 /* NSTextContainer.h */ = {isa = PBXFileReference; fileEncoding = 4; lastKnownFileType = sourcecode.c.h; path = NSTextContainer.h; sourceTree = "<group>"; };
		101FC3E81D1D320E006C8135 /* NSTextStorage.h */ = {isa = PBXFileReference; fileEncoding = 4; lastKnownFileType = sourcecode.c.h; path = NSTextStorage.h; sourceTree = "<group>"; };
		101FC3E91D1D320E006C8135 /* UIAccelerometer.h */ = {isa = PBXFileReference; fileEncoding = 4; lastKnownFileType = sourcecode.c.h; path = UIAccelerometer.h; sourceTree = "<group>"; };
		101FC3EA1D1D320E006C8135 /* UIAccessibility.h */ = {isa = PBXFileReference; fileEncoding = 4; lastKnownFileType = sourcecode.c.h; path = UIAccessibility.h; sourceTree = "<group>"; };
		101FC3EB1D1D320E006C8135 /* UIAccessibilityAdditions.h */ = {isa = PBXFileReference; fileEncoding = 4; lastKnownFileType = sourcecode.c.h; path = UIAccessibilityAdditions.h; sourceTree = "<group>"; };
		101FC3EC1D1D320E006C8135 /* UIAccessibilityConstants.h */ = {isa = PBXFileReference; fileEncoding = 4; lastKnownFileType = sourcecode.c.h; path = UIAccessibilityConstants.h; sourceTree = "<group>"; };
		101FC3ED1D1D320E006C8135 /* UIAccessibilityCustomAction.h */ = {isa = PBXFileReference; fileEncoding = 4; lastKnownFileType = sourcecode.c.h; path = UIAccessibilityCustomAction.h; sourceTree = "<group>"; };
		101FC3EE1D1D320E006C8135 /* UIAccessibilityElement.h */ = {isa = PBXFileReference; fileEncoding = 4; lastKnownFileType = sourcecode.c.h; path = UIAccessibilityElement.h; sourceTree = "<group>"; };
		101FC3EF1D1D320E006C8135 /* UIAccessibilityIdentification.h */ = {isa = PBXFileReference; fileEncoding = 4; lastKnownFileType = sourcecode.c.h; path = UIAccessibilityIdentification.h; sourceTree = "<group>"; };
		101FC3F01D1D320E006C8135 /* UIAccessibilityZoom.h */ = {isa = PBXFileReference; fileEncoding = 4; lastKnownFileType = sourcecode.c.h; path = UIAccessibilityZoom.h; sourceTree = "<group>"; };
		101FC3F11D1D320E006C8135 /* UIActionSheet.h */ = {isa = PBXFileReference; fileEncoding = 4; lastKnownFileType = sourcecode.c.h; path = UIActionSheet.h; sourceTree = "<group>"; };
		101FC3F21D1D320E006C8135 /* UIActivity.h */ = {isa = PBXFileReference; fileEncoding = 4; lastKnownFileType = sourcecode.c.h; path = UIActivity.h; sourceTree = "<group>"; };
		101FC3F31D1D320E006C8135 /* UIActivityIndicatorView.h */ = {isa = PBXFileReference; fileEncoding = 4; lastKnownFileType = sourcecode.c.h; path = UIActivityIndicatorView.h; sourceTree = "<group>"; };
		101FC3F41D1D320E006C8135 /* UIActivityItemProvider.h */ = {isa = PBXFileReference; fileEncoding = 4; lastKnownFileType = sourcecode.c.h; path = UIActivityItemProvider.h; sourceTree = "<group>"; };
		101FC3F51D1D320E006C8135 /* UIActivityViewController.h */ = {isa = PBXFileReference; fileEncoding = 4; lastKnownFileType = sourcecode.c.h; path = UIActivityViewController.h; sourceTree = "<group>"; };
		101FC3F61D1D320E006C8135 /* UIAlert.h */ = {isa = PBXFileReference; fileEncoding = 4; lastKnownFileType = sourcecode.c.h; path = UIAlert.h; sourceTree = "<group>"; };
		101FC3F71D1D320E006C8135 /* UIAlertController.h */ = {isa = PBXFileReference; fileEncoding = 4; lastKnownFileType = sourcecode.c.h; path = UIAlertController.h; sourceTree = "<group>"; };
		101FC3F81D1D320E006C8135 /* UIAlertView.h */ = {isa = PBXFileReference; fileEncoding = 4; lastKnownFileType = sourcecode.c.h; path = UIAlertView.h; sourceTree = "<group>"; };
		101FC3F91D1D320E006C8135 /* UIAppearance.h */ = {isa = PBXFileReference; fileEncoding = 4; lastKnownFileType = sourcecode.c.h; path = UIAppearance.h; sourceTree = "<group>"; };
		101FC3FA1D1D320E006C8135 /* UIApplication.h */ = {isa = PBXFileReference; fileEncoding = 4; lastKnownFileType = sourcecode.c.h; path = UIApplication.h; sourceTree = "<group>"; };
		101FC3FB1D1D320E006C8135 /* UIApplicationShortcutItem.h */ = {isa = PBXFileReference; fileEncoding = 4; lastKnownFileType = sourcecode.c.h; path = UIApplicationShortcutItem.h; sourceTree = "<group>"; };
		101FC3FC1D1D320E006C8135 /* UIAttachmentBehavior.h */ = {isa = PBXFileReference; fileEncoding = 4; lastKnownFileType = sourcecode.c.h; path = UIAttachmentBehavior.h; sourceTree = "<group>"; };
		101FC3FD1D1D320E006C8135 /* UIBarButtonItem.h */ = {isa = PBXFileReference; fileEncoding = 4; lastKnownFileType = sourcecode.c.h; path = UIBarButtonItem.h; sourceTree = "<group>"; };
		101FC3FE1D1D320E006C8135 /* UIBarButtonItemGroup.h */ = {isa = PBXFileReference; fileEncoding = 4; lastKnownFileType = sourcecode.c.h; path = UIBarButtonItemGroup.h; sourceTree = "<group>"; };
		101FC3FF1D1D320E006C8135 /* UIBarCommon.h */ = {isa = PBXFileReference; fileEncoding = 4; lastKnownFileType = sourcecode.c.h; path = UIBarCommon.h; sourceTree = "<group>"; };
		101FC4001D1D320E006C8135 /* UIBarItem.h */ = {isa = PBXFileReference; fileEncoding = 4; lastKnownFileType = sourcecode.c.h; path = UIBarItem.h; sourceTree = "<group>"; };
		101FC4011D1D320E006C8135 /* UIBezierPath.h */ = {isa = PBXFileReference; fileEncoding = 4; lastKnownFileType = sourcecode.c.h; path = UIBezierPath.h; sourceTree = "<group>"; };
		101FC4021D1D320E006C8135 /* UIButton.h */ = {isa = PBXFileReference; fileEncoding = 4; lastKnownFileType = sourcecode.c.h; path = UIButton.h; sourceTree = "<group>"; };
		101FC4031D1D320E006C8135 /* UICollectionView.h */ = {isa = PBXFileReference; fileEncoding = 4; lastKnownFileType = sourcecode.c.h; path = UICollectionView.h; sourceTree = "<group>"; };
		101FC4041D1D320E006C8135 /* UICollectionViewCell.h */ = {isa = PBXFileReference; fileEncoding = 4; lastKnownFileType = sourcecode.c.h; path = UICollectionViewCell.h; sourceTree = "<group>"; };
		101FC4051D1D320E006C8135 /* UICollectionViewController.h */ = {isa = PBXFileReference; fileEncoding = 4; lastKnownFileType = sourcecode.c.h; path = UICollectionViewController.h; sourceTree = "<group>"; };
		101FC4061D1D320E006C8135 /* UICollectionViewFlowLayout.h */ = {isa = PBXFileReference; fileEncoding = 4; lastKnownFileType = sourcecode.c.h; path = UICollectionViewFlowLayout.h; sourceTree = "<group>"; };
		101FC4071D1D320E006C8135 /* UICollectionViewLayout.h */ = {isa = PBXFileReference; fileEncoding = 4; lastKnownFileType = sourcecode.c.h; path = UICollectionViewLayout.h; sourceTree = "<group>"; };
		101FC4081D1D320E006C8135 /* UICollectionViewTransitionLayout.h */ = {isa = PBXFileReference; fileEncoding = 4; lastKnownFileType = sourcecode.c.h; path = UICollectionViewTransitionLayout.h; sourceTree = "<group>"; };
		101FC4091D1D320E006C8135 /* UICollisionBehavior.h */ = {isa = PBXFileReference; fileEncoding = 4; lastKnownFileType = sourcecode.c.h; path = UICollisionBehavior.h; sourceTree = "<group>"; };
		101FC40A1D1D320E006C8135 /* UIColor.h */ = {isa = PBXFileReference; fileEncoding = 4; lastKnownFileType = sourcecode.c.h; path = UIColor.h; sourceTree = "<group>"; };
		101FC40B1D1D320E006C8135 /* UIControl.h */ = {isa = PBXFileReference; fileEncoding = 4; lastKnownFileType = sourcecode.c.h; path = UIControl.h; sourceTree = "<group>"; };
		101FC40C1D1D320E006C8135 /* UIDataDetectors.h */ = {isa = PBXFileReference; fileEncoding = 4; lastKnownFileType = sourcecode.c.h; path = UIDataDetectors.h; sourceTree = "<group>"; };
		101FC40D1D1D320E006C8135 /* UIDatePicker.h */ = {isa = PBXFileReference; fileEncoding = 4; lastKnownFileType = sourcecode.c.h; path = UIDatePicker.h; sourceTree = "<group>"; };
		101FC40E1D1D320E006C8135 /* UIDevice.h */ = {isa = PBXFileReference; fileEncoding = 4; lastKnownFileType = sourcecode.c.h; path = UIDevice.h; sourceTree = "<group>"; };
		101FC40F1D1D320E006C8135 /* UIDocument.h */ = {isa = PBXFileReference; fileEncoding = 4; lastKnownFileType = sourcecode.c.h; path = UIDocument.h; sourceTree = "<group>"; };
		101FC4101D1D320E006C8135 /* UIDocumentInteractionController.h */ = {isa = PBXFileReference; fileEncoding = 4; lastKnownFileType = sourcecode.c.h; path = UIDocumentInteractionController.h; sourceTree = "<group>"; };
		101FC4111D1D320E006C8135 /* UIDocumentMenuViewController.h */ = {isa = PBXFileReference; fileEncoding = 4; lastKnownFileType = sourcecode.c.h; path = UIDocumentMenuViewController.h; sourceTree = "<group>"; };
		101FC4121D1D320E006C8135 /* UIDocumentPickerExtensionViewController.h */ = {isa = PBXFileReference; fileEncoding = 4; lastKnownFileType = sourcecode.c.h; path = UIDocumentPickerExtensionViewController.h; sourceTree = "<group>"; };
		101FC4131D1D320E006C8135 /* UIDocumentPickerViewController.h */ = {isa = PBXFileReference; fileEncoding = 4; lastKnownFileType = sourcecode.c.h; path = UIDocumentPickerViewController.h; sourceTree = "<group>"; };
		101FC4141D1D320E006C8135 /* UIDynamicAnimator.h */ = {isa = PBXFileReference; fileEncoding = 4; lastKnownFileType = sourcecode.c.h; path = UIDynamicAnimator.h; sourceTree = "<group>"; };
		101FC4151D1D320E006C8135 /* UIDynamicBehavior.h */ = {isa = PBXFileReference; fileEncoding = 4; lastKnownFileType = sourcecode.c.h; path = UIDynamicBehavior.h; sourceTree = "<group>"; };
		101FC4161D1D320E006C8135 /* UIDynamicItemBehavior.h */ = {isa = PBXFileReference; fileEncoding = 4; lastKnownFileType = sourcecode.c.h; path = UIDynamicItemBehavior.h; sourceTree = "<group>"; };
		101FC4171D1D320E006C8135 /* UIEvent.h */ = {isa = PBXFileReference; fileEncoding = 4; lastKnownFileType = sourcecode.c.h; path = UIEvent.h; sourceTree = "<group>"; };
		101FC4181D1D320E006C8135 /* UIFieldBehavior.h */ = {isa = PBXFileReference; fileEncoding = 4; lastKnownFileType = sourcecode.c.h; path = UIFieldBehavior.h; sourceTree = "<group>"; };
		101FC4191D1D320E006C8135 /* UIFocus.h */ = {isa = PBXFileReference; fileEncoding = 4; lastKnownFileType = sourcecode.c.h; path = UIFocus.h; sourceTree = "<group>"; };
		101FC41A1D1D320E006C8135 /* UIFocusAnimationCoordinator.h */ = {isa = PBXFileReference; fileEncoding = 4; lastKnownFileType = sourcecode.c.h; path = UIFocusAnimationCoordinator.h; sourceTree = "<group>"; };
		101FC41B1D1D320E006C8135 /* UIFont.h */ = {isa = PBXFileReference; fileEncoding = 4; lastKnownFileType = sourcecode.c.h; path = UIFont.h; sourceTree = "<group>"; };
		101FC41C1D1D320E006C8135 /* UIFontDescriptor.h */ = {isa = PBXFileReference; fileEncoding = 4; lastKnownFileType = sourcecode.c.h; path = UIFontDescriptor.h; sourceTree = "<group>"; };
		101FC41D1D1D320E006C8135 /* UIGeometry.h */ = {isa = PBXFileReference; fileEncoding = 4; lastKnownFileType = sourcecode.c.h; path = UIGeometry.h; sourceTree = "<group>"; };
		101FC41E1D1D320E006C8135 /* UIGestureRecognizer.h */ = {isa = PBXFileReference; fileEncoding = 4; lastKnownFileType = sourcecode.c.h; path = UIGestureRecognizer.h; sourceTree = "<group>"; };
		101FC41F1D1D320E006C8135 /* UIGestureRecognizerSubclass.h */ = {isa = PBXFileReference; fileEncoding = 4; lastKnownFileType = sourcecode.c.h; path = UIGestureRecognizerSubclass.h; sourceTree = "<group>"; };
		101FC4201D1D320E006C8135 /* UIGraphics.h */ = {isa = PBXFileReference; fileEncoding = 4; lastKnownFileType = sourcecode.c.h; path = UIGraphics.h; sourceTree = "<group>"; };
		101FC4211D1D320E006C8135 /* UIGravityBehavior.h */ = {isa = PBXFileReference; fileEncoding = 4; lastKnownFileType = sourcecode.c.h; path = UIGravityBehavior.h; sourceTree = "<group>"; };
		101FC4221D1D320E006C8135 /* UIGuidedAccessRestrictions.h */ = {isa = PBXFileReference; fileEncoding = 4; lastKnownFileType = sourcecode.c.h; path = UIGuidedAccessRestrictions.h; sourceTree = "<group>"; };
		101FC4231D1D320E006C8135 /* UIImage.h */ = {isa = PBXFileReference; fileEncoding = 4; lastKnownFileType = sourcecode.c.h; path = UIImage.h; sourceTree = "<group>"; };
		101FC4241D1D320E006C8135 /* UIImageAsset.h */ = {isa = PBXFileReference; fileEncoding = 4; lastKnownFileType = sourcecode.c.h; path = UIImageAsset.h; sourceTree = "<group>"; };
		101FC4251D1D320E006C8135 /* UIImagePickerController.h */ = {isa = PBXFileReference; fileEncoding = 4; lastKnownFileType = sourcecode.c.h; path = UIImagePickerController.h; sourceTree = "<group>"; };
		101FC4261D1D320E006C8135 /* UIImageView.h */ = {isa = PBXFileReference; fileEncoding = 4; lastKnownFileType = sourcecode.c.h; path = UIImageView.h; sourceTree = "<group>"; };
		101FC4271D1D320E006C8135 /* UIInputView.h */ = {isa = PBXFileReference; fileEncoding = 4; lastKnownFileType = sourcecode.c.h; path = UIInputView.h; sourceTree = "<group>"; };
		101FC4281D1D320E006C8135 /* UIInputViewController.h */ = {isa = PBXFileReference; fileEncoding = 4; lastKnownFileType = sourcecode.c.h; path = UIInputViewController.h; sourceTree = "<group>"; };
		101FC4291D1D320E006C8135 /* UIInterface.h */ = {isa = PBXFileReference; fileEncoding = 4; lastKnownFileType = sourcecode.c.h; path = UIInterface.h; sourceTree = "<group>"; };
		101FC42A1D1D320E006C8135 /* UIKit.h */ = {isa = PBXFileReference; fileEncoding = 4; lastKnownFileType = sourcecode.c.h; path = UIKit.h; sourceTree = "<group>"; };
		101FC42B1D1D320E006C8135 /* UIKitDefines.h */ = {isa = PBXFileReference; fileEncoding = 4; lastKnownFileType = sourcecode.c.h; path = UIKitDefines.h; sourceTree = "<group>"; };
		101FC42C1D1D320E006C8135 /* UILabel.h */ = {isa = PBXFileReference; fileEncoding = 4; lastKnownFileType = sourcecode.c.h; path = UILabel.h; sourceTree = "<group>"; };
		101FC42D1D1D320E006C8135 /* UILayoutGuide.h */ = {isa = PBXFileReference; fileEncoding = 4; lastKnownFileType = sourcecode.c.h; path = UILayoutGuide.h; sourceTree = "<group>"; };
		101FC42E1D1D320E006C8135 /* UILexicon.h */ = {isa = PBXFileReference; fileEncoding = 4; lastKnownFileType = sourcecode.c.h; path = UILexicon.h; sourceTree = "<group>"; };
		101FC42F1D1D320E006C8135 /* UILocalizedIndexedCollation.h */ = {isa = PBXFileReference; fileEncoding = 4; lastKnownFileType = sourcecode.c.h; path = UILocalizedIndexedCollation.h; sourceTree = "<group>"; };
		101FC4301D1D320E006C8135 /* UILocalNotification.h */ = {isa = PBXFileReference; fileEncoding = 4; lastKnownFileType = sourcecode.c.h; path = UILocalNotification.h; sourceTree = "<group>"; };
		101FC4311D1D320E006C8135 /* UILongPressGestureRecognizer.h */ = {isa = PBXFileReference; fileEncoding = 4; lastKnownFileType = sourcecode.c.h; path = UILongPressGestureRecognizer.h; sourceTree = "<group>"; };
		101FC4321D1D320E006C8135 /* UIManagedDocument.h */ = {isa = PBXFileReference; fileEncoding = 4; lastKnownFileType = sourcecode.c.h; path = UIManagedDocument.h; sourceTree = "<group>"; };
		101FC4331D1D320E006C8135 /* UIMenuController.h */ = {isa = PBXFileReference; fileEncoding = 4; lastKnownFileType = sourcecode.c.h; path = UIMenuController.h; sourceTree = "<group>"; };
		101FC4341D1D320E006C8135 /* UIMotionEffect.h */ = {isa = PBXFileReference; fileEncoding = 4; lastKnownFileType = sourcecode.c.h; path = UIMotionEffect.h; sourceTree = "<group>"; };
		101FC4351D1D320E006C8135 /* UINavigationBar.h */ = {isa = PBXFileReference; fileEncoding = 4; lastKnownFileType = sourcecode.c.h; path = UINavigationBar.h; sourceTree = "<group>"; };
		101FC4361D1D320E006C8135 /* UINavigationController.h */ = {isa = PBXFileReference; fileEncoding = 4; lastKnownFileType = sourcecode.c.h; path = UINavigationController.h; sourceTree = "<group>"; };
		101FC4371D1D320E006C8135 /* UINib.h */ = {isa = PBXFileReference; fileEncoding = 4; lastKnownFileType = sourcecode.c.h; path = UINib.h; sourceTree = "<group>"; };
		101FC4381D1D320E006C8135 /* UINibDeclarations.h */ = {isa = PBXFileReference; fileEncoding = 4; lastKnownFileType = sourcecode.c.h; path = UINibDeclarations.h; sourceTree = "<group>"; };
		101FC4391D1D320E006C8135 /* UINibLoading.h */ = {isa = PBXFileReference; fileEncoding = 4; lastKnownFileType = sourcecode.c.h; path = UINibLoading.h; sourceTree = "<group>"; };
		101FC43A1D1D320E006C8135 /* UIPageControl.h */ = {isa = PBXFileReference; fileEncoding = 4; lastKnownFileType = sourcecode.c.h; path = UIPageControl.h; sourceTree = "<group>"; };
		101FC43B1D1D320E006C8135 /* UIPageViewController.h */ = {isa = PBXFileReference; fileEncoding = 4; lastKnownFileType = sourcecode.c.h; path = UIPageViewController.h; sourceTree = "<group>"; };
		101FC43C1D1D320E006C8135 /* UIPanGestureRecognizer.h */ = {isa = PBXFileReference; fileEncoding = 4; lastKnownFileType = sourcecode.c.h; path = UIPanGestureRecognizer.h; sourceTree = "<group>"; };
		101FC43D1D1D320E006C8135 /* UIPasteboard.h */ = {isa = PBXFileReference; fileEncoding = 4; lastKnownFileType = sourcecode.c.h; path = UIPasteboard.h; sourceTree = "<group>"; };
		101FC43E1D1D320E006C8135 /* UIPickerView.h */ = {isa = PBXFileReference; fileEncoding = 4; lastKnownFileType = sourcecode.c.h; path = UIPickerView.h; sourceTree = "<group>"; };
		101FC43F1D1D320E006C8135 /* UIPinchGestureRecognizer.h */ = {isa = PBXFileReference; fileEncoding = 4; lastKnownFileType = sourcecode.c.h; path = UIPinchGestureRecognizer.h; sourceTree = "<group>"; };
		101FC4401D1D320E006C8135 /* UIPopoverBackgroundView.h */ = {isa = PBXFileReference; fileEncoding = 4; lastKnownFileType = sourcecode.c.h; path = UIPopoverBackgroundView.h; sourceTree = "<group>"; };
		101FC4411D1D320E006C8135 /* UIPopoverController.h */ = {isa = PBXFileReference; fileEncoding = 4; lastKnownFileType = sourcecode.c.h; path = UIPopoverController.h; sourceTree = "<group>"; };
		101FC4421D1D320E006C8135 /* UIPopoverPresentationController.h */ = {isa = PBXFileReference; fileEncoding = 4; lastKnownFileType = sourcecode.c.h; path = UIPopoverPresentationController.h; sourceTree = "<group>"; };
		101FC4431D1D320E006C8135 /* UIPopoverSupport.h */ = {isa = PBXFileReference; fileEncoding = 4; lastKnownFileType = sourcecode.c.h; path = UIPopoverSupport.h; sourceTree = "<group>"; };
		101FC4441D1D320E006C8135 /* UIPresentationController.h */ = {isa = PBXFileReference; fileEncoding = 4; lastKnownFileType = sourcecode.c.h; path = UIPresentationController.h; sourceTree = "<group>"; };
		101FC4451D1D320E006C8135 /* UIPress.h */ = {isa = PBXFileReference; fileEncoding = 4; lastKnownFileType = sourcecode.c.h; path = UIPress.h; sourceTree = "<group>"; };
		101FC4461D1D320E006C8135 /* UIPressesEvent.h */ = {isa = PBXFileReference; fileEncoding = 4; lastKnownFileType = sourcecode.c.h; path = UIPressesEvent.h; sourceTree = "<group>"; };
		101FC4471D1D320E006C8135 /* UIPrinter.h */ = {isa = PBXFileReference; fileEncoding = 4; lastKnownFileType = sourcecode.c.h; path = UIPrinter.h; sourceTree = "<group>"; };
		101FC4481D1D320E006C8135 /* UIPrinterPickerController.h */ = {isa = PBXFileReference; fileEncoding = 4; lastKnownFileType = sourcecode.c.h; path = UIPrinterPickerController.h; sourceTree = "<group>"; };
		101FC4491D1D320E006C8135 /* UIPrintError.h */ = {isa = PBXFileReference; fileEncoding = 4; lastKnownFileType = sourcecode.c.h; path = UIPrintError.h; sourceTree = "<group>"; };
		101FC44A1D1D320E006C8135 /* UIPrintFormatter.h */ = {isa = PBXFileReference; fileEncoding = 4; lastKnownFileType = sourcecode.c.h; path = UIPrintFormatter.h; sourceTree = "<group>"; };
		101FC44B1D1D320E006C8135 /* UIPrintInfo.h */ = {isa = PBXFileReference; fileEncoding = 4; lastKnownFileType = sourcecode.c.h; path = UIPrintInfo.h; sourceTree = "<group>"; };
		101FC44C1D1D320E006C8135 /* UIPrintInteractionController.h */ = {isa = PBXFileReference; fileEncoding = 4; lastKnownFileType = sourcecode.c.h; path = UIPrintInteractionController.h; sourceTree = "<group>"; };
		101FC44D1D1D320E006C8135 /* UIPrintPageRenderer.h */ = {isa = PBXFileReference; fileEncoding = 4; lastKnownFileType = sourcecode.c.h; path = UIPrintPageRenderer.h; sourceTree = "<group>"; };
		101FC44E1D1D320E006C8135 /* UIPrintPaper.h */ = {isa = PBXFileReference; fileEncoding = 4; lastKnownFileType = sourcecode.c.h; path = UIPrintPaper.h; sourceTree = "<group>"; };
		101FC44F1D1D320E006C8135 /* UIProgressView.h */ = {isa = PBXFileReference; fileEncoding = 4; lastKnownFileType = sourcecode.c.h; path = UIProgressView.h; sourceTree = "<group>"; };
		101FC4501D1D320E006C8135 /* UIPushBehavior.h */ = {isa = PBXFileReference; fileEncoding = 4; lastKnownFileType = sourcecode.c.h; path = UIPushBehavior.h; sourceTree = "<group>"; };
		101FC4511D1D320E006C8135 /* UIReferenceLibraryViewController.h */ = {isa = PBXFileReference; fileEncoding = 4; lastKnownFileType = sourcecode.c.h; path = UIReferenceLibraryViewController.h; sourceTree = "<group>"; };
		101FC4521D1D320E006C8135 /* UIRefreshControl.h */ = {isa = PBXFileReference; fileEncoding = 4; lastKnownFileType = sourcecode.c.h; path = UIRefreshControl.h; sourceTree = "<group>"; };
		101FC4531D1D320E006C8135 /* UIRegion.h */ = {isa = PBXFileReference; fileEncoding = 4; lastKnownFileType = sourcecode.c.h; path = UIRegion.h; sourceTree = "<group>"; };
		101FC4541D1D320E006C8135 /* UIResponder.h */ = {isa = PBXFileReference; fileEncoding = 4; lastKnownFileType = sourcecode.c.h; path = UIResponder.h; sourceTree = "<group>"; };
		101FC4551D1D320E006C8135 /* UIRotationGestureRecognizer.h */ = {isa = PBXFileReference; fileEncoding = 4; lastKnownFileType = sourcecode.c.h; path = UIRotationGestureRecognizer.h; sourceTree = "<group>"; };
		101FC4561D1D320E006C8135 /* UIScreen.h */ = {isa = PBXFileReference; fileEncoding = 4; lastKnownFileType = sourcecode.c.h; path = UIScreen.h; sourceTree = "<group>"; };
		101FC4571D1D320E006C8135 /* UIScreenEdgePanGestureRecognizer.h */ = {isa = PBXFileReference; fileEncoding = 4; lastKnownFileType = sourcecode.c.h; path = UIScreenEdgePanGestureRecognizer.h; sourceTree = "<group>"; };
		101FC4581D1D320E006C8135 /* UIScreenMode.h */ = {isa = PBXFileReference; fileEncoding = 4; lastKnownFileType = sourcecode.c.h; path = UIScreenMode.h; sourceTree = "<group>"; };
		101FC4591D1D320E006C8135 /* UIScrollView.h */ = {isa = PBXFileReference; fileEncoding = 4; lastKnownFileType = sourcecode.c.h; path = UIScrollView.h; sourceTree = "<group>"; };
		101FC45A1D1D320E006C8135 /* UISearchBar.h */ = {isa = PBXFileReference; fileEncoding = 4; lastKnownFileType = sourcecode.c.h; path = UISearchBar.h; sourceTree = "<group>"; };
		101FC45B1D1D320E006C8135 /* UISearchContainerViewController.h */ = {isa = PBXFileReference; fileEncoding = 4; lastKnownFileType = sourcecode.c.h; path = UISearchContainerViewController.h; sourceTree = "<group>"; };
		101FC45C1D1D320E006C8135 /* UISearchController.h */ = {isa = PBXFileReference; fileEncoding = 4; lastKnownFileType = sourcecode.c.h; path = UISearchController.h; sourceTree = "<group>"; };
		101FC45D1D1D320E006C8135 /* UISearchDisplayController.h */ = {isa = PBXFileReference; fileEncoding = 4; lastKnownFileType = sourcecode.c.h; path = UISearchDisplayController.h; sourceTree = "<group>"; };
		101FC45E1D1D320E006C8135 /* UISegmentedControl.h */ = {isa = PBXFileReference; fileEncoding = 4; lastKnownFileType = sourcecode.c.h; path = UISegmentedControl.h; sourceTree = "<group>"; };
		101FC45F1D1D320E006C8135 /* UISlider.h */ = {isa = PBXFileReference; fileEncoding = 4; lastKnownFileType = sourcecode.c.h; path = UISlider.h; sourceTree = "<group>"; };
		101FC4601D1D320E006C8135 /* UISnapBehavior.h */ = {isa = PBXFileReference; fileEncoding = 4; lastKnownFileType = sourcecode.c.h; path = UISnapBehavior.h; sourceTree = "<group>"; };
		101FC4611D1D320E006C8135 /* UISplitViewController.h */ = {isa = PBXFileReference; fileEncoding = 4; lastKnownFileType = sourcecode.c.h; path = UISplitViewController.h; sourceTree = "<group>"; };
		101FC4621D1D320E006C8135 /* UIStackView.h */ = {isa = PBXFileReference; fileEncoding = 4; lastKnownFileType = sourcecode.c.h; path = UIStackView.h; sourceTree = "<group>"; };
		101FC4631D1D320E006C8135 /* UIStateRestoration.h */ = {isa = PBXFileReference; fileEncoding = 4; lastKnownFileType = sourcecode.c.h; path = UIStateRestoration.h; sourceTree = "<group>"; };
		101FC4641D1D320E006C8135 /* UIStepper.h */ = {isa = PBXFileReference; fileEncoding = 4; lastKnownFileType = sourcecode.c.h; path = UIStepper.h; sourceTree = "<group>"; };
		101FC4651D1D320E006C8135 /* UIStoryboard.h */ = {isa = PBXFileReference; fileEncoding = 4; lastKnownFileType = sourcecode.c.h; path = UIStoryboard.h; sourceTree = "<group>"; };
		101FC4661D1D320E006C8135 /* UIStoryboardPopoverSegue.h */ = {isa = PBXFileReference; fileEncoding = 4; lastKnownFileType = sourcecode.c.h; path = UIStoryboardPopoverSegue.h; sourceTree = "<group>"; };
		101FC4671D1D320E006C8135 /* UIStoryboardSegue.h */ = {isa = PBXFileReference; fileEncoding = 4; lastKnownFileType = sourcecode.c.h; path = UIStoryboardSegue.h; sourceTree = "<group>"; };
		101FC4681D1D320E006C8135 /* UIStringDrawing.h */ = {isa = PBXFileReference; fileEncoding = 4; lastKnownFileType = sourcecode.c.h; path = UIStringDrawing.h; sourceTree = "<group>"; };
		101FC4691D1D320E006C8135 /* UISwipeGestureRecognizer.h */ = {isa = PBXFileReference; fileEncoding = 4; lastKnownFileType = sourcecode.c.h; path = UISwipeGestureRecognizer.h; sourceTree = "<group>"; };
		101FC46A1D1D320E006C8135 /* UISwitch.h */ = {isa = PBXFileReference; fileEncoding = 4; lastKnownFileType = sourcecode.c.h; path = UISwitch.h; sourceTree = "<group>"; };
		101FC46B1D1D320E006C8135 /* UITabBar.h */ = {isa = PBXFileReference; fileEncoding = 4; lastKnownFileType = sourcecode.c.h; path = UITabBar.h; sourceTree = "<group>"; };
		101FC46C1D1D320E006C8135 /* UITabBarController.h */ = {isa = PBXFileReference; fileEncoding = 4; lastKnownFileType = sourcecode.c.h; path = UITabBarController.h; sourceTree = "<group>"; };
		101FC46D1D1D320E006C8135 /* UITabBarItem.h */ = {isa = PBXFileReference; fileEncoding = 4; lastKnownFileType = sourcecode.c.h; path = UITabBarItem.h; sourceTree = "<group>"; };
		101FC46E1D1D320E006C8135 /* UITableView.h */ = {isa = PBXFileReference; fileEncoding = 4; lastKnownFileType = sourcecode.c.h; path = UITableView.h; sourceTree = "<group>"; };
		101FC46F1D1D320E006C8135 /* UITableViewCell.h */ = {isa = PBXFileReference; fileEncoding = 4; lastKnownFileType = sourcecode.c.h; path = UITableViewCell.h; sourceTree = "<group>"; };
		101FC4701D1D320E006C8135 /* UITableViewController.h */ = {isa = PBXFileReference; fileEncoding = 4; lastKnownFileType = sourcecode.c.h; path = UITableViewController.h; sourceTree = "<group>"; };
		101FC4711D1D320E006C8135 /* UITableViewHeaderFooterView.h */ = {isa = PBXFileReference; fileEncoding = 4; lastKnownFileType = sourcecode.c.h; path = UITableViewHeaderFooterView.h; sourceTree = "<group>"; };
		101FC4721D1D320E006C8135 /* UITapGestureRecognizer.h */ = {isa = PBXFileReference; fileEncoding = 4; lastKnownFileType = sourcecode.c.h; path = UITapGestureRecognizer.h; sourceTree = "<group>"; };
		101FC4731D1D320E006C8135 /* UITextChecker.h */ = {isa = PBXFileReference; fileEncoding = 4; lastKnownFileType = sourcecode.c.h; path = UITextChecker.h; sourceTree = "<group>"; };
		101FC4741D1D320E006C8135 /* UITextField.h */ = {isa = PBXFileReference; fileEncoding = 4; lastKnownFileType = sourcecode.c.h; path = UITextField.h; sourceTree = "<group>"; };
		101FC4751D1D320E006C8135 /* UITextInput.h */ = {isa = PBXFileReference; fileEncoding = 4; lastKnownFileType = sourcecode.c.h; path = UITextInput.h; sourceTree = "<group>"; };
		101FC4761D1D320E006C8135 /* UITextInputTraits.h */ = {isa = PBXFileReference; fileEncoding = 4; lastKnownFileType = sourcecode.c.h; path = UITextInputTraits.h; sourceTree = "<group>"; };
		101FC4771D1D320E006C8135 /* UITextView.h */ = {isa = PBXFileReference; fileEncoding = 4; lastKnownFileType = sourcecode.c.h; path = UITextView.h; sourceTree = "<group>"; };
		101FC4781D1D320E006C8135 /* UIToolbar.h */ = {isa = PBXFileReference; fileEncoding = 4; lastKnownFileType = sourcecode.c.h; path = UIToolbar.h; sourceTree = "<group>"; };
		101FC4791D1D320E006C8135 /* UITouch.h */ = {isa = PBXFileReference; fileEncoding = 4; lastKnownFileType = sourcecode.c.h; path = UITouch.h; sourceTree = "<group>"; };
		101FC47A1D1D320E006C8135 /* UITraitCollection.h */ = {isa = PBXFileReference; fileEncoding = 4; lastKnownFileType = sourcecode.c.h; path = UITraitCollection.h; sourceTree = "<group>"; };
		101FC47B1D1D320E006C8135 /* UIUserNotificationSettings.h */ = {isa = PBXFileReference; fileEncoding = 4; lastKnownFileType = sourcecode.c.h; path = UIUserNotificationSettings.h; sourceTree = "<group>"; };
		101FC47C1D1D320E006C8135 /* UIVideoEditorController.h */ = {isa = PBXFileReference; fileEncoding = 4; lastKnownFileType = sourcecode.c.h; path = UIVideoEditorController.h; sourceTree = "<group>"; };
		101FC47D1D1D320E006C8135 /* UIView.h */ = {isa = PBXFileReference; fileEncoding = 4; lastKnownFileType = sourcecode.c.h; path = UIView.h; sourceTree = "<group>"; };
		101FC47E1D1D320E006C8135 /* UIViewController.h */ = {isa = PBXFileReference; fileEncoding = 4; lastKnownFileType = sourcecode.c.h; path = UIViewController.h; sourceTree = "<group>"; };
		101FC47F1D1D320E006C8135 /* UIViewControllerTransitionCoordinator.h */ = {isa = PBXFileReference; fileEncoding = 4; lastKnownFileType = sourcecode.c.h; path = UIViewControllerTransitionCoordinator.h; sourceTree = "<group>"; };
		101FC4801D1D320E006C8135 /* UIViewControllerTransitioning.h */ = {isa = PBXFileReference; fileEncoding = 4; lastKnownFileType = sourcecode.c.h; path = UIViewControllerTransitioning.h; sourceTree = "<group>"; };
		101FC4811D1D320E006C8135 /* UIVisualEffectView.h */ = {isa = PBXFileReference; fileEncoding = 4; lastKnownFileType = sourcecode.c.h; path = UIVisualEffectView.h; sourceTree = "<group>"; };
		101FC4821D1D320E006C8135 /* UIWebView.h */ = {isa = PBXFileReference; fileEncoding = 4; lastKnownFileType = sourcecode.c.h; path = UIWebView.h; sourceTree = "<group>"; };
		101FC4831D1D320E006C8135 /* UIWindow.h */ = {isa = PBXFileReference; fileEncoding = 4; lastKnownFileType = sourcecode.c.h; path = UIWindow.h; sourceTree = "<group>"; };
		101FC4841D1D3242006C8135 /* Default-568h@2x.png */ = {isa = PBXFileReference; lastKnownFileType = image.png; path = "Default-568h@2x.png"; sourceTree = "<group>"; };
		101FC4881D1D331E006C8135 /* Foundation.h */ = {isa = PBXFileReference; fileEncoding = 4; lastKnownFileType = sourcecode.c.h; path = Foundation.h; sourceTree = "<group>"; };
		101FC4891D1D331E006C8135 /* FoundationErrors.h */ = {isa = PBXFileReference; fileEncoding = 4; lastKnownFileType = sourcecode.c.h; path = FoundationErrors.h; sourceTree = "<group>"; };
		101FC48A1D1D331E006C8135 /* NSArray.h */ = {isa = PBXFileReference; fileEncoding = 4; lastKnownFileType = sourcecode.c.h; path = NSArray.h; sourceTree = "<group>"; };
		101FC48B1D1D331E006C8135 /* NSAttributedString.h */ = {isa = PBXFileReference; fileEncoding = 4; lastKnownFileType = sourcecode.c.h; path = NSAttributedString.h; sourceTree = "<group>"; };
		101FC48C1D1D331E006C8135 /* NSAutoreleasePool.h */ = {isa = PBXFileReference; fileEncoding = 4; lastKnownFileType = sourcecode.c.h; path = NSAutoreleasePool.h; sourceTree = "<group>"; };
		101FC48D1D1D331E006C8135 /* NSBundle.h */ = {isa = PBXFileReference; fileEncoding = 4; lastKnownFileType = sourcecode.c.h; path = NSBundle.h; sourceTree = "<group>"; };
		101FC48E1D1D331E006C8135 /* NSByteCountFormatter.h */ = {isa = PBXFileReference; fileEncoding = 4; lastKnownFileType = sourcecode.c.h; path = NSByteCountFormatter.h; sourceTree = "<group>"; };
		101FC48F1D1D331E006C8135 /* NSByteOrder.h */ = {isa = PBXFileReference; fileEncoding = 4; lastKnownFileType = sourcecode.c.h; path = NSByteOrder.h; sourceTree = "<group>"; };
		101FC4901D1D331E006C8135 /* NSCache.h */ = {isa = PBXFileReference; fileEncoding = 4; lastKnownFileType = sourcecode.c.h; path = NSCache.h; sourceTree = "<group>"; };
		101FC4911D1D331E006C8135 /* NSCalendar.h */ = {isa = PBXFileReference; fileEncoding = 4; lastKnownFileType = sourcecode.c.h; path = NSCalendar.h; sourceTree = "<group>"; };
		101FC4921D1D331E006C8135 /* NSCharacterSet.h */ = {isa = PBXFileReference; fileEncoding = 4; lastKnownFileType = sourcecode.c.h; path = NSCharacterSet.h; sourceTree = "<group>"; };
		101FC4931D1D331E006C8135 /* NSCoder.h */ = {isa = PBXFileReference; fileEncoding = 4; lastKnownFileType = sourcecode.c.h; path = NSCoder.h; sourceTree = "<group>"; };
		101FC4941D1D331E006C8135 /* NSComparisonPredicate.h */ = {isa = PBXFileReference; fileEncoding = 4; lastKnownFileType = sourcecode.c.h; path = NSComparisonPredicate.h; sourceTree = "<group>"; };
		101FC4951D1D331E006C8135 /* NSCompoundPredicate.h */ = {isa = PBXFileReference; fileEncoding = 4; lastKnownFileType = sourcecode.c.h; path = NSCompoundPredicate.h; sourceTree = "<group>"; };
		101FC4961D1D331E006C8135 /* NSData.h */ = {isa = PBXFileReference; fileEncoding = 4; lastKnownFileType = sourcecode.c.h; path = NSData.h; sourceTree = "<group>"; };
		101FC4971D1D331E006C8135 /* NSDate.h */ = {isa = PBXFileReference; fileEncoding = 4; lastKnownFileType = sourcecode.c.h; path = NSDate.h; sourceTree = "<group>"; };
		101FC4981D1D331E006C8135 /* NSDateComponentsFormatter.h */ = {isa = PBXFileReference; fileEncoding = 4; lastKnownFileType = sourcecode.c.h; path = NSDateComponentsFormatter.h; sourceTree = "<group>"; };
		101FC4991D1D331E006C8135 /* NSDateFormatter.h */ = {isa = PBXFileReference; fileEncoding = 4; lastKnownFileType = sourcecode.c.h; path = NSDateFormatter.h; sourceTree = "<group>"; };
		101FC49A1D1D331E006C8135 /* NSDateIntervalFormatter.h */ = {isa = PBXFileReference; fileEncoding = 4; lastKnownFileType = sourcecode.c.h; path = NSDateIntervalFormatter.h; sourceTree = "<group>"; };
		101FC49B1D1D331E006C8135 /* NSDecimal.h */ = {isa = PBXFileReference; fileEncoding = 4; lastKnownFileType = sourcecode.c.h; path = NSDecimal.h; sourceTree = "<group>"; };
		101FC49C1D1D331E006C8135 /* NSDecimalNumber.h */ = {isa = PBXFileReference; fileEncoding = 4; lastKnownFileType = sourcecode.c.h; path = NSDecimalNumber.h; sourceTree = "<group>"; };
		101FC49D1D1D331E006C8135 /* NSDictionary.h */ = {isa = PBXFileReference; fileEncoding = 4; lastKnownFileType = sourcecode.c.h; path = NSDictionary.h; sourceTree = "<group>"; };
		101FC49E1D1D331E006C8135 /* NSEnergyFormatter.h */ = {isa = PBXFileReference; fileEncoding = 4; lastKnownFileType = sourcecode.c.h; path = NSEnergyFormatter.h; sourceTree = "<group>"; };
		101FC49F1D1D331E006C8135 /* NSEnumerator.h */ = {isa = PBXFileReference; fileEncoding = 4; lastKnownFileType = sourcecode.c.h; path = NSEnumerator.h; sourceTree = "<group>"; };
		101FC4A01D1D331E006C8135 /* NSError.h */ = {isa = PBXFileReference; fileEncoding = 4; lastKnownFileType = sourcecode.c.h; path = NSError.h; sourceTree = "<group>"; };
		101FC4A11D1D331E006C8135 /* NSException.h */ = {isa = PBXFileReference; fileEncoding = 4; lastKnownFileType = sourcecode.c.h; path = NSException.h; sourceTree = "<group>"; };
		101FC4A21D1D331E006C8135 /* NSExpression.h */ = {isa = PBXFileReference; fileEncoding = 4; lastKnownFileType = sourcecode.c.h; path = NSExpression.h; sourceTree = "<group>"; };
		101FC4A31D1D331E006C8135 /* NSExtensionContext.h */ = {isa = PBXFileReference; fileEncoding = 4; lastKnownFileType = sourcecode.c.h; path = NSExtensionContext.h; sourceTree = "<group>"; };
		101FC4A41D1D331E006C8135 /* NSExtensionItem.h */ = {isa = PBXFileReference; fileEncoding = 4; lastKnownFileType = sourcecode.c.h; path = NSExtensionItem.h; sourceTree = "<group>"; };
		101FC4A51D1D331E006C8135 /* NSExtensionRequestHandling.h */ = {isa = PBXFileReference; fileEncoding = 4; lastKnownFileType = sourcecode.c.h; path = NSExtensionRequestHandling.h; sourceTree = "<group>"; };
		101FC4A61D1D331E006C8135 /* NSFileCoordinator.h */ = {isa = PBXFileReference; fileEncoding = 4; lastKnownFileType = sourcecode.c.h; path = NSFileCoordinator.h; sourceTree = "<group>"; };
		101FC4A71D1D331E006C8135 /* NSFileHandle.h */ = {isa = PBXFileReference; fileEncoding = 4; lastKnownFileType = sourcecode.c.h; path = NSFileHandle.h; sourceTree = "<group>"; };
		101FC4A81D1D331E006C8135 /* NSFileManager.h */ = {isa = PBXFileReference; fileEncoding = 4; lastKnownFileType = sourcecode.c.h; path = NSFileManager.h; sourceTree = "<group>"; };
		101FC4A91D1D331E006C8135 /* NSFilePresenter.h */ = {isa = PBXFileReference; fileEncoding = 4; lastKnownFileType = sourcecode.c.h; path = NSFilePresenter.h; sourceTree = "<group>"; };
		101FC4AA1D1D331E006C8135 /* NSFileVersion.h */ = {isa = PBXFileReference; fileEncoding = 4; lastKnownFileType = sourcecode.c.h; path = NSFileVersion.h; sourceTree = "<group>"; };
		101FC4AB1D1D331E006C8135 /* NSFileWrapper.h */ = {isa = PBXFileReference; fileEncoding = 4; lastKnownFileType = sourcecode.c.h; path = NSFileWrapper.h; sourceTree = "<group>"; };
		101FC4AC1D1D331E006C8135 /* NSFormatter.h */ = {isa = PBXFileReference; fileEncoding = 4; lastKnownFileType = sourcecode.c.h; path = NSFormatter.h; sourceTree = "<group>"; };
		101FC4AD1D1D331E006C8135 /* NSHashTable.h */ = {isa = PBXFileReference; fileEncoding = 4; lastKnownFileType = sourcecode.c.h; path = NSHashTable.h; sourceTree = "<group>"; };
		101FC4AE1D1D331E006C8135 /* NSHTTPCookie.h */ = {isa = PBXFileReference; fileEncoding = 4; lastKnownFileType = sourcecode.c.h; path = NSHTTPCookie.h; sourceTree = "<group>"; };
		101FC4AF1D1D331E006C8135 /* NSHTTPCookieStorage.h */ = {isa = PBXFileReference; fileEncoding = 4; lastKnownFileType = sourcecode.c.h; path = NSHTTPCookieStorage.h; sourceTree = "<group>"; };
		101FC4B01D1D331E006C8135 /* NSIndexPath.h */ = {isa = PBXFileReference; fileEncoding = 4; lastKnownFileType = sourcecode.c.h; path = NSIndexPath.h; sourceTree = "<group>"; };
		101FC4B11D1D331E006C8135 /* NSIndexSet.h */ = {isa = PBXFileReference; fileEncoding = 4; lastKnownFileType = sourcecode.c.h; path = NSIndexSet.h; sourceTree = "<group>"; };
		101FC4B21D1D331E006C8135 /* NSInvocation.h */ = {isa = PBXFileReference; fileEncoding = 4; lastKnownFileType = sourcecode.c.h; path = NSInvocation.h; sourceTree = "<group>"; };
		101FC4B31D1D331E006C8135 /* NSItemProvider.h */ = {isa = PBXFileReference; fileEncoding = 4; lastKnownFileType = sourcecode.c.h; path = NSItemProvider.h; sourceTree = "<group>"; };
		101FC4B41D1D331E006C8135 /* NSJSONSerialization.h */ = {isa = PBXFileReference; fileEncoding = 4; lastKnownFileType = sourcecode.c.h; path = NSJSONSerialization.h; sourceTree = "<group>"; };
		101FC4B51D1D331E006C8135 /* NSKeyedArchiver.h */ = {isa = PBXFileReference; fileEncoding = 4; lastKnownFileType = sourcecode.c.h; path = NSKeyedArchiver.h; sourceTree = "<group>"; };
		101FC4B61D1D331E006C8135 /* NSKeyValueCoding.h */ = {isa = PBXFileReference; fileEncoding = 4; lastKnownFileType = sourcecode.c.h; path = NSKeyValueCoding.h; sourceTree = "<group>"; };
		101FC4B71D1D331E006C8135 /* NSKeyValueObserving.h */ = {isa = PBXFileReference; fileEncoding = 4; lastKnownFileType = sourcecode.c.h; path = NSKeyValueObserving.h; sourceTree = "<group>"; };
		101FC4B81D1D331E006C8135 /* NSLengthFormatter.h */ = {isa = PBXFileReference; fileEncoding = 4; lastKnownFileType = sourcecode.c.h; path = NSLengthFormatter.h; sourceTree = "<group>"; };
		101FC4B91D1D331E006C8135 /* NSLinguisticTagger.h */ = {isa = PBXFileReference; fileEncoding = 4; lastKnownFileType = sourcecode.c.h; path = NSLinguisticTagger.h; sourceTree = "<group>"; };
		101FC4BA1D1D331E006C8135 /* NSLocale.h */ = {isa = PBXFileReference; fileEncoding = 4; lastKnownFileType = sourcecode.c.h; path = NSLocale.h; sourceTree = "<group>"; };
		101FC4BB1D1D331E006C8135 /* NSLock.h */ = {isa = PBXFileReference; fileEncoding = 4; lastKnownFileType = sourcecode.c.h; path = NSLock.h; sourceTree = "<group>"; };
		101FC4BC1D1D331E006C8135 /* NSMapTable.h */ = {isa = PBXFileReference; fileEncoding = 4; lastKnownFileType = sourcecode.c.h; path = NSMapTable.h; sourceTree = "<group>"; };
		101FC4BD1D1D331E006C8135 /* NSMassFormatter.h */ = {isa = PBXFileReference; fileEncoding = 4; lastKnownFileType = sourcecode.c.h; path = NSMassFormatter.h; sourceTree = "<group>"; };
		101FC4BE1D1D331E006C8135 /* NSMetadata.h */ = {isa = PBXFileReference; fileEncoding = 4; lastKnownFileType = sourcecode.c.h; path = NSMetadata.h; sourceTree = "<group>"; };
		101FC4BF1D1D331E006C8135 /* NSMetadataAttributes.h */ = {isa = PBXFileReference; fileEncoding = 4; lastKnownFileType = sourcecode.c.h; path = NSMetadataAttributes.h; sourceTree = "<group>"; };
		101FC4C01D1D331E006C8135 /* NSMethodSignature.h */ = {isa = PBXFileReference; fileEncoding = 4; lastKnownFileType = sourcecode.c.h; path = NSMethodSignature.h; sourceTree = "<group>"; };
		101FC4C11D1D331E006C8135 /* NSNetServices.h */ = {isa = PBXFileReference; fileEncoding = 4; lastKnownFileType = sourcecode.c.h; path = NSNetServices.h; sourceTree = "<group>"; };
		101FC4C21D1D331E006C8135 /* NSNotification.h */ = {isa = PBXFileReference; fileEncoding = 4; lastKnownFileType = sourcecode.c.h; path = NSNotification.h; sourceTree = "<group>"; };
		101FC4C31D1D331E006C8135 /* NSNotificationQueue.h */ = {isa = PBXFileReference; fileEncoding = 4; lastKnownFileType = sourcecode.c.h; path = NSNotificationQueue.h; sourceTree = "<group>"; };
		101FC4C41D1D331E006C8135 /* NSNull.h */ = {isa = PBXFileReference; fileEncoding = 4; lastKnownFileType = sourcecode.c.h; path = NSNull.h; sourceTree = "<group>"; };
		101FC4C51D1D331E006C8135 /* NSNumberFormatter.h */ = {isa = PBXFileReference; fileEncoding = 4; lastKnownFileType = sourcecode.c.h; path = NSNumberFormatter.h; sourceTree = "<group>"; };
		101FC4C61D1D331E006C8135 /* NSObjCRuntime.h */ = {isa = PBXFileReference; fileEncoding = 4; lastKnownFileType = sourcecode.c.h; path = NSObjCRuntime.h; sourceTree = "<group>"; };
		101FC4C71D1D331E006C8135 /* NSObject.h */ = {isa = PBXFileReference; fileEncoding = 4; lastKnownFileType = sourcecode.c.h; path = NSObject.h; sourceTree = "<group>"; };
		101FC4C81D1D331E006C8135 /* NSOperation.h */ = {isa = PBXFileReference; fileEncoding = 4; lastKnownFileType = sourcecode.c.h; path = NSOperation.h; sourceTree = "<group>"; };
		101FC4C91D1D331E006C8135 /* NSOrderedSet.h */ = {isa = PBXFileReference; fileEncoding = 4; lastKnownFileType = sourcecode.c.h; path = NSOrderedSet.h; sourceTree = "<group>"; };
		101FC4CA1D1D331E006C8135 /* NSOrthography.h */ = {isa = PBXFileReference; fileEncoding = 4; lastKnownFileType = sourcecode.c.h; path = NSOrthography.h; sourceTree = "<group>"; };
		101FC4CB1D1D331E006C8135 /* NSPathUtilities.h */ = {isa = PBXFileReference; fileEncoding = 4; lastKnownFileType = sourcecode.c.h; path = NSPathUtilities.h; sourceTree = "<group>"; };
		101FC4CC1D1D331E006C8135 /* NSPersonNameComponents.h */ = {isa = PBXFileReference; fileEncoding = 4; lastKnownFileType = sourcecode.c.h; path = NSPersonNameComponents.h; sourceTree = "<group>"; };
		101FC4CD1D1D331E006C8135 /* NSPersonNameComponentsFormatter.h */ = {isa = PBXFileReference; fileEncoding = 4; lastKnownFileType = sourcecode.c.h; path = NSPersonNameComponentsFormatter.h; sourceTree = "<group>"; };
		101FC4CE1D1D331E006C8135 /* NSPointerArray.h */ = {isa = PBXFileReference; fileEncoding = 4; lastKnownFileType = sourcecode.c.h; path = NSPointerArray.h; sourceTree = "<group>"; };
		101FC4CF1D1D331E006C8135 /* NSPointerFunctions.h */ = {isa = PBXFileReference; fileEncoding = 4; lastKnownFileType = sourcecode.c.h; path = NSPointerFunctions.h; sourceTree = "<group>"; };
		101FC4D01D1D331E006C8135 /* NSPort.h */ = {isa = PBXFileReference; fileEncoding = 4; lastKnownFileType = sourcecode.c.h; path = NSPort.h; sourceTree = "<group>"; };
		101FC4D11D1D331E006C8135 /* NSPredicate.h */ = {isa = PBXFileReference; fileEncoding = 4; lastKnownFileType = sourcecode.c.h; path = NSPredicate.h; sourceTree = "<group>"; };
		101FC4D21D1D331E006C8135 /* NSProcessInfo.h */ = {isa = PBXFileReference; fileEncoding = 4; lastKnownFileType = sourcecode.c.h; path = NSProcessInfo.h; sourceTree = "<group>"; };
		101FC4D31D1D331E006C8135 /* NSProgress.h */ = {isa = PBXFileReference; fileEncoding = 4; lastKnownFileType = sourcecode.c.h; path = NSProgress.h; sourceTree = "<group>"; };
		101FC4D41D1D331E006C8135 /* NSPropertyList.h */ = {isa = PBXFileReference; fileEncoding = 4; lastKnownFileType = sourcecode.c.h; path = NSPropertyList.h; sourceTree = "<group>"; };
		101FC4D51D1D331E006C8135 /* NSProxy.h */ = {isa = PBXFileReference; fileEncoding = 4; lastKnownFileType = sourcecode.c.h; path = NSProxy.h; sourceTree = "<group>"; };
		101FC4D61D1D331E006C8135 /* NSRange.h */ = {isa = PBXFileReference; fileEncoding = 4; lastKnownFileType = sourcecode.c.h; path = NSRange.h; sourceTree = "<group>"; };
		101FC4D71D1D331E006C8135 /* NSRegularExpression.h */ = {isa = PBXFileReference; fileEncoding = 4; lastKnownFileType = sourcecode.c.h; path = NSRegularExpression.h; sourceTree = "<group>"; };
		101FC4D81D1D331E006C8135 /* NSRunLoop.h */ = {isa = PBXFileReference; fileEncoding = 4; lastKnownFileType = sourcecode.c.h; path = NSRunLoop.h; sourceTree = "<group>"; };
		101FC4D91D1D331E006C8135 /* NSScanner.h */ = {isa = PBXFileReference; fileEncoding = 4; lastKnownFileType = sourcecode.c.h; path = NSScanner.h; sourceTree = "<group>"; };
		101FC4DA1D1D331E006C8135 /* NSSet.h */ = {isa = PBXFileReference; fileEncoding = 4; lastKnownFileType = sourcecode.c.h; path = NSSet.h; sourceTree = "<group>"; };
		101FC4DB1D1D331E006C8135 /* NSSortDescriptor.h */ = {isa = PBXFileReference; fileEncoding = 4; lastKnownFileType = sourcecode.c.h; path = NSSortDescriptor.h; sourceTree = "<group>"; };
		101FC4DC1D1D331E006C8135 /* NSStream.h */ = {isa = PBXFileReference; fileEncoding = 4; lastKnownFileType = sourcecode.c.h; path = NSStream.h; sourceTree = "<group>"; };
		101FC4DD1D1D331E006C8135 /* NSString.h */ = {isa = PBXFileReference; fileEncoding = 4; lastKnownFileType = sourcecode.c.h; path = NSString.h; sourceTree = "<group>"; };
		101FC4DE1D1D331E006C8135 /* NSTextCheckingResult.h */ = {isa = PBXFileReference; fileEncoding = 4; lastKnownFileType = sourcecode.c.h; path = NSTextCheckingResult.h; sourceTree = "<group>"; };
		101FC4DF1D1D331E006C8135 /* NSThread.h */ = {isa = PBXFileReference; fileEncoding = 4; lastKnownFileType = sourcecode.c.h; path = NSThread.h; sourceTree = "<group>"; };
		101FC4E01D1D331E006C8135 /* NSTimer.h */ = {isa = PBXFileReference; fileEncoding = 4; lastKnownFileType = sourcecode.c.h; path = NSTimer.h; sourceTree = "<group>"; };
		101FC4E11D1D331E006C8135 /* NSTimeZone.h */ = {isa = PBXFileReference; fileEncoding = 4; lastKnownFileType = sourcecode.c.h; path = NSTimeZone.h; sourceTree = "<group>"; };
		101FC4E21D1D331E006C8135 /* NSUbiquitousKeyValueStore.h */ = {isa = PBXFileReference; fileEncoding = 4; lastKnownFileType = sourcecode.c.h; path = NSUbiquitousKeyValueStore.h; sourceTree = "<group>"; };
		101FC4E31D1D331E006C8135 /* NSUndoManager.h */ = {isa = PBXFileReference; fileEncoding = 4; lastKnownFileType = sourcecode.c.h; path = NSUndoManager.h; sourceTree = "<group>"; };
		101FC4E41D1D331E006C8135 /* NSURL.h */ = {isa = PBXFileReference; fileEncoding = 4; lastKnownFileType = sourcecode.c.h; path = NSURL.h; sourceTree = "<group>"; };
		101FC4E51D1D331E006C8135 /* NSURLAuthenticationChallenge.h */ = {isa = PBXFileReference; fileEncoding = 4; lastKnownFileType = sourcecode.c.h; path = NSURLAuthenticationChallenge.h; sourceTree = "<group>"; };
		101FC4E61D1D331E006C8135 /* NSURLCache.h */ = {isa = PBXFileReference; fileEncoding = 4; lastKnownFileType = sourcecode.c.h; path = NSURLCache.h; sourceTree = "<group>"; };
		101FC4E71D1D331E006C8135 /* NSURLConnection.h */ = {isa = PBXFileReference; fileEncoding = 4; lastKnownFileType = sourcecode.c.h; path = NSURLConnection.h; sourceTree = "<group>"; };
		101FC4E81D1D331E006C8135 /* NSURLCredential.h */ = {isa = PBXFileReference; fileEncoding = 4; lastKnownFileType = sourcecode.c.h; path = NSURLCredential.h; sourceTree = "<group>"; };
		101FC4E91D1D331E006C8135 /* NSURLCredentialStorage.h */ = {isa = PBXFileReference; fileEncoding = 4; lastKnownFileType = sourcecode.c.h; path = NSURLCredentialStorage.h; sourceTree = "<group>"; };
		101FC4EA1D1D331E006C8135 /* NSURLError.h */ = {isa = PBXFileReference; fileEncoding = 4; lastKnownFileType = sourcecode.c.h; path = NSURLError.h; sourceTree = "<group>"; };
		101FC4EB1D1D331E006C8135 /* NSURLProtectionSpace.h */ = {isa = PBXFileReference; fileEncoding = 4; lastKnownFileType = sourcecode.c.h; path = NSURLProtectionSpace.h; sourceTree = "<group>"; };
		101FC4EC1D1D331E006C8135 /* NSURLProtocol.h */ = {isa = PBXFileReference; fileEncoding = 4; lastKnownFileType = sourcecode.c.h; path = NSURLProtocol.h; sourceTree = "<group>"; };
		101FC4ED1D1D331E006C8135 /* NSURLRequest.h */ = {isa = PBXFileReference; fileEncoding = 4; lastKnownFileType = sourcecode.c.h; path = NSURLRequest.h; sourceTree = "<group>"; };
		101FC4EE1D1D331E006C8135 /* NSURLResponse.h */ = {isa = PBXFileReference; fileEncoding = 4; lastKnownFileType = sourcecode.c.h; path = NSURLResponse.h; sourceTree = "<group>"; };
		101FC4EF1D1D331E006C8135 /* NSURLSession.h */ = {isa = PBXFileReference; fileEncoding = 4; lastKnownFileType = sourcecode.c.h; path = NSURLSession.h; sourceTree = "<group>"; };
		101FC4F01D1D331E006C8135 /* NSUserActivity.h */ = {isa = PBXFileReference; fileEncoding = 4; lastKnownFileType = sourcecode.c.h; path = NSUserActivity.h; sourceTree = "<group>"; };
		101FC4F11D1D331E006C8135 /* NSUserDefaults.h */ = {isa = PBXFileReference; fileEncoding = 4; lastKnownFileType = sourcecode.c.h; path = NSUserDefaults.h; sourceTree = "<group>"; };
		101FC4F21D1D331E006C8135 /* NSUUID.h */ = {isa = PBXFileReference; fileEncoding = 4; lastKnownFileType = sourcecode.c.h; path = NSUUID.h; sourceTree = "<group>"; };
		101FC4F31D1D331E006C8135 /* NSValue.h */ = {isa = PBXFileReference; fileEncoding = 4; lastKnownFileType = sourcecode.c.h; path = NSValue.h; sourceTree = "<group>"; };
		101FC4F41D1D331E006C8135 /* NSValueTransformer.h */ = {isa = PBXFileReference; fileEncoding = 4; lastKnownFileType = sourcecode.c.h; path = NSValueTransformer.h; sourceTree = "<group>"; };
		101FC4F51D1D331E006C8135 /* NSXMLParser.h */ = {isa = PBXFileReference; fileEncoding = 4; lastKnownFileType = sourcecode.c.h; path = NSXMLParser.h; sourceTree = "<group>"; };
		101FC4F61D1D331E006C8135 /* NSZone.h */ = {isa = PBXFileReference; fileEncoding = 4; lastKnownFileType = sourcecode.c.h; path = NSZone.h; sourceTree = "<group>"; };
		109236D61CFBF51600CE0BB0 /* iOSAPI.app */ = {isa = PBXFileReference; explicitFileType = wrapper.application; includeInIndex = 0; path = iOSAPI.app; sourceTree = BUILT_PRODUCTS_DIR; };
		109236DA1CFBF51600CE0BB0 /* main.m */ = {isa = PBXFileReference; lastKnownFileType = sourcecode.c.objc; path = main.m; sourceTree = "<group>"; };
		109236DC1CFBF51600CE0BB0 /* AppDelegate.h */ = {isa = PBXFileReference; lastKnownFileType = sourcecode.c.h; path = AppDelegate.h; sourceTree = "<group>"; };
		109236DD1CFBF51600CE0BB0 /* AppDelegate.m */ = {isa = PBXFileReference; lastKnownFileType = sourcecode.c.objc; path = AppDelegate.m; sourceTree = "<group>"; };
		109236E51CFBF51600CE0BB0 /* Assets.xcassets */ = {isa = PBXFileReference; lastKnownFileType = folder.assetcatalog; path = Assets.xcassets; sourceTree = "<group>"; };
		109236E81CFBF51600CE0BB0 /* Base */ = {isa = PBXFileReference; lastKnownFileType = file.storyboard; name = Base; path = Base.lproj/LaunchScreen.storyboard; sourceTree = "<group>"; };
		109236EA1CFBF51600CE0BB0 /* iOSAPI-Info.plist */ = {isa = PBXFileReference; lastKnownFileType = text.plist.xml; path = "iOSAPI-Info.plist"; sourceTree = "<group>"; };
		109236EF1CFBF51600CE0BB0 /* iOSAPITests.xctest */ = {isa = PBXFileReference; explicitFileType = wrapper.cfbundle; includeInIndex = 0; path = iOSAPITests.xctest; sourceTree = BUILT_PRODUCTS_DIR; };
		109236F31CFBF51600CE0BB0 /* iOSAPITests.m */ = {isa = PBXFileReference; lastKnownFileType = sourcecode.c.objc; path = iOSAPITests.m; sourceTree = "<group>"; };
		109236F51CFBF51600CE0BB0 /* Info.plist */ = {isa = PBXFileReference; lastKnownFileType = text.plist.xml; path = Info.plist; sourceTree = "<group>"; };
		109236FA1CFBF51600CE0BB0 /* iOSAPIUITests.xctest */ = {isa = PBXFileReference; explicitFileType = wrapper.cfbundle; includeInIndex = 0; path = iOSAPIUITests.xctest; sourceTree = BUILT_PRODUCTS_DIR; };
		109236FE1CFBF51600CE0BB0 /* iOSAPIUITests.m */ = {isa = PBXFileReference; lastKnownFileType = sourcecode.c.objc; path = iOSAPIUITests.m; sourceTree = "<group>"; };
		109237001CFBF51600CE0BB0 /* Info.plist */ = {isa = PBXFileReference; lastKnownFileType = text.plist.xml; path = Info.plist; sourceTree = "<group>"; };
		10FFD10A1D01320F00B5E737 /* iOSAPI-Prefix.pch */ = {isa = PBXFileReference; lastKnownFileType = sourcecode.c.h; path = "iOSAPI-Prefix.pch"; sourceTree = "<group>"; };
/* End PBXFileReference section */

/* Begin PBXFrameworksBuildPhase section */
		109236D31CFBF51600CE0BB0 /* Frameworks */ = {
			isa = PBXFrameworksBuildPhase;
			buildActionMask = 2147483647;
			files = (
			);
			runOnlyForDeploymentPostprocessing = 0;
		};
		109236EC1CFBF51600CE0BB0 /* Frameworks */ = {
			isa = PBXFrameworksBuildPhase;
			buildActionMask = 2147483647;
			files = (
			);
			runOnlyForDeploymentPostprocessing = 0;
		};
		109236F71CFBF51600CE0BB0 /* Frameworks */ = {
			isa = PBXFrameworksBuildPhase;
			buildActionMask = 2147483647;
			files = (
			);
			runOnlyForDeploymentPostprocessing = 0;
		};
/* End PBXFrameworksBuildPhase section */

/* Begin PBXGroup section */
		101FC2651D1D308B006C8135 /* UIKit */ = {
			isa = PBXGroup;
			children = (
				101FC3DB1D1D320E006C8135 /* Headers */,
			);
			path = UIKit;
			sourceTree = "<group>";
		};
		101FC3DB1D1D320E006C8135 /* Headers */ = {
			isa = PBXGroup;
			children = (
				101FC3DC1D1D320E006C8135 /* NSAttributedString.h */,
				101FC3DD1D1D320E006C8135 /* NSDataAsset.h */,
				101FC3DE1D1D320E006C8135 /* NSFileProviderExtension.h */,
				101FC3DF1D1D320E006C8135 /* NSLayoutAnchor.h */,
				101FC3E01D1D320E006C8135 /* NSLayoutConstraint.h */,
				101FC3E11D1D320E006C8135 /* NSLayoutManager.h */,
				101FC3E21D1D320E006C8135 /* NSParagraphStyle.h */,
				101FC3E31D1D320E006C8135 /* NSShadow.h */,
				101FC3E41D1D320E006C8135 /* NSStringDrawing.h */,
				101FC3E51D1D320E006C8135 /* NSText.h */,
				101FC3E61D1D320E006C8135 /* NSTextAttachment.h */,
				101FC3E71D1D320E006C8135 /* NSTextContainer.h */,
				101FC3E81D1D320E006C8135 /* NSTextStorage.h */,
				101FC3E91D1D320E006C8135 /* UIAccelerometer.h */,
				101FC3EA1D1D320E006C8135 /* UIAccessibility.h */,
				101FC3EB1D1D320E006C8135 /* UIAccessibilityAdditions.h */,
				101FC3EC1D1D320E006C8135 /* UIAccessibilityConstants.h */,
				101FC3ED1D1D320E006C8135 /* UIAccessibilityCustomAction.h */,
				101FC3EE1D1D320E006C8135 /* UIAccessibilityElement.h */,
				101FC3EF1D1D320E006C8135 /* UIAccessibilityIdentification.h */,
				101FC3F01D1D320E006C8135 /* UIAccessibilityZoom.h */,
				101FC3F11D1D320E006C8135 /* UIActionSheet.h */,
				101FC3F21D1D320E006C8135 /* UIActivity.h */,
				101FC3F31D1D320E006C8135 /* UIActivityIndicatorView.h */,
				101FC3F41D1D320E006C8135 /* UIActivityItemProvider.h */,
				101FC3F51D1D320E006C8135 /* UIActivityViewController.h */,
				101FC3F61D1D320E006C8135 /* UIAlert.h */,
				101FC3F71D1D320E006C8135 /* UIAlertController.h */,
				101FC3F81D1D320E006C8135 /* UIAlertView.h */,
				101FC3F91D1D320E006C8135 /* UIAppearance.h */,
				101FC3FA1D1D320E006C8135 /* UIApplication.h */,
				101FC3FB1D1D320E006C8135 /* UIApplicationShortcutItem.h */,
				101FC3FC1D1D320E006C8135 /* UIAttachmentBehavior.h */,
				101FC3FD1D1D320E006C8135 /* UIBarButtonItem.h */,
				101FC3FE1D1D320E006C8135 /* UIBarButtonItemGroup.h */,
				101FC3FF1D1D320E006C8135 /* UIBarCommon.h */,
				101FC4001D1D320E006C8135 /* UIBarItem.h */,
				101FC4011D1D320E006C8135 /* UIBezierPath.h */,
				101FC4021D1D320E006C8135 /* UIButton.h */,
				101FC4031D1D320E006C8135 /* UICollectionView.h */,
				101FC4041D1D320E006C8135 /* UICollectionViewCell.h */,
				101FC4051D1D320E006C8135 /* UICollectionViewController.h */,
				101FC4061D1D320E006C8135 /* UICollectionViewFlowLayout.h */,
				101FC4071D1D320E006C8135 /* UICollectionViewLayout.h */,
				101FC4081D1D320E006C8135 /* UICollectionViewTransitionLayout.h */,
				101FC4091D1D320E006C8135 /* UICollisionBehavior.h */,
				101FC40A1D1D320E006C8135 /* UIColor.h */,
				101FC40B1D1D320E006C8135 /* UIControl.h */,
				101FC40C1D1D320E006C8135 /* UIDataDetectors.h */,
				101FC40D1D1D320E006C8135 /* UIDatePicker.h */,
				101FC40E1D1D320E006C8135 /* UIDevice.h */,
				101FC40F1D1D320E006C8135 /* UIDocument.h */,
				101FC4101D1D320E006C8135 /* UIDocumentInteractionController.h */,
				101FC4111D1D320E006C8135 /* UIDocumentMenuViewController.h */,
				101FC4121D1D320E006C8135 /* UIDocumentPickerExtensionViewController.h */,
				101FC4131D1D320E006C8135 /* UIDocumentPickerViewController.h */,
				101FC4141D1D320E006C8135 /* UIDynamicAnimator.h */,
				101FC4151D1D320E006C8135 /* UIDynamicBehavior.h */,
				101FC4161D1D320E006C8135 /* UIDynamicItemBehavior.h */,
				101FC4171D1D320E006C8135 /* UIEvent.h */,
				101FC4181D1D320E006C8135 /* UIFieldBehavior.h */,
				101FC4191D1D320E006C8135 /* UIFocus.h */,
				101FC41A1D1D320E006C8135 /* UIFocusAnimationCoordinator.h */,
				101FC41B1D1D320E006C8135 /* UIFont.h */,
				101FC41C1D1D320E006C8135 /* UIFontDescriptor.h */,
				101FC41D1D1D320E006C8135 /* UIGeometry.h */,
				101FC41E1D1D320E006C8135 /* UIGestureRecognizer.h */,
				101FC41F1D1D320E006C8135 /* UIGestureRecognizerSubclass.h */,
				101FC4201D1D320E006C8135 /* UIGraphics.h */,
				101FC4211D1D320E006C8135 /* UIGravityBehavior.h */,
				101FC4221D1D320E006C8135 /* UIGuidedAccessRestrictions.h */,
				101FC4231D1D320E006C8135 /* UIImage.h */,
				101FC4241D1D320E006C8135 /* UIImageAsset.h */,
				101FC4251D1D320E006C8135 /* UIImagePickerController.h */,
				101FC4261D1D320E006C8135 /* UIImageView.h */,
				101FC4271D1D320E006C8135 /* UIInputView.h */,
				101FC4281D1D320E006C8135 /* UIInputViewController.h */,
				101FC4291D1D320E006C8135 /* UIInterface.h */,
				101FC42A1D1D320E006C8135 /* UIKit.h */,
				101FC42B1D1D320E006C8135 /* UIKitDefines.h */,
				101FC42C1D1D320E006C8135 /* UILabel.h */,
				101FC42D1D1D320E006C8135 /* UILayoutGuide.h */,
				101FC42E1D1D320E006C8135 /* UILexicon.h */,
				101FC42F1D1D320E006C8135 /* UILocalizedIndexedCollation.h */,
				101FC4301D1D320E006C8135 /* UILocalNotification.h */,
				101FC4311D1D320E006C8135 /* UILongPressGestureRecognizer.h */,
				101FC4321D1D320E006C8135 /* UIManagedDocument.h */,
				101FC4331D1D320E006C8135 /* UIMenuController.h */,
				101FC4341D1D320E006C8135 /* UIMotionEffect.h */,
				101FC4351D1D320E006C8135 /* UINavigationBar.h */,
				101FC4361D1D320E006C8135 /* UINavigationController.h */,
				101FC4371D1D320E006C8135 /* UINib.h */,
				101FC4381D1D320E006C8135 /* UINibDeclarations.h */,
				101FC4391D1D320E006C8135 /* UINibLoading.h */,
				101FC43A1D1D320E006C8135 /* UIPageControl.h */,
				101FC43B1D1D320E006C8135 /* UIPageViewController.h */,
				101FC43C1D1D320E006C8135 /* UIPanGestureRecognizer.h */,
				101FC43D1D1D320E006C8135 /* UIPasteboard.h */,
				101FC43E1D1D320E006C8135 /* UIPickerView.h */,
				101FC43F1D1D320E006C8135 /* UIPinchGestureRecognizer.h */,
				101FC4401D1D320E006C8135 /* UIPopoverBackgroundView.h */,
				101FC4411D1D320E006C8135 /* UIPopoverController.h */,
				101FC4421D1D320E006C8135 /* UIPopoverPresentationController.h */,
				101FC4431D1D320E006C8135 /* UIPopoverSupport.h */,
				101FC4441D1D320E006C8135 /* UIPresentationController.h */,
				101FC4451D1D320E006C8135 /* UIPress.h */,
				101FC4461D1D320E006C8135 /* UIPressesEvent.h */,
				101FC4471D1D320E006C8135 /* UIPrinter.h */,
				101FC4481D1D320E006C8135 /* UIPrinterPickerController.h */,
				101FC4491D1D320E006C8135 /* UIPrintError.h */,
				101FC44A1D1D320E006C8135 /* UIPrintFormatter.h */,
				101FC44B1D1D320E006C8135 /* UIPrintInfo.h */,
				101FC44C1D1D320E006C8135 /* UIPrintInteractionController.h */,
				101FC44D1D1D320E006C8135 /* UIPrintPageRenderer.h */,
				101FC44E1D1D320E006C8135 /* UIPrintPaper.h */,
				101FC44F1D1D320E006C8135 /* UIProgressView.h */,
				101FC4501D1D320E006C8135 /* UIPushBehavior.h */,
				101FC4511D1D320E006C8135 /* UIReferenceLibraryViewController.h */,
				101FC4521D1D320E006C8135 /* UIRefreshControl.h */,
				101FC4531D1D320E006C8135 /* UIRegion.h */,
				101FC4541D1D320E006C8135 /* UIResponder.h */,
				101FC4551D1D320E006C8135 /* UIRotationGestureRecognizer.h */,
				101FC4561D1D320E006C8135 /* UIScreen.h */,
				101FC4571D1D320E006C8135 /* UIScreenEdgePanGestureRecognizer.h */,
				101FC4581D1D320E006C8135 /* UIScreenMode.h */,
				101FC4591D1D320E006C8135 /* UIScrollView.h */,
				101FC45A1D1D320E006C8135 /* UISearchBar.h */,
				101FC45B1D1D320E006C8135 /* UISearchContainerViewController.h */,
				101FC45C1D1D320E006C8135 /* UISearchController.h */,
				101FC45D1D1D320E006C8135 /* UISearchDisplayController.h */,
				101FC45E1D1D320E006C8135 /* UISegmentedControl.h */,
				101FC45F1D1D320E006C8135 /* UISlider.h */,
				101FC4601D1D320E006C8135 /* UISnapBehavior.h */,
				101FC4611D1D320E006C8135 /* UISplitViewController.h */,
				101FC4621D1D320E006C8135 /* UIStackView.h */,
				101FC4631D1D320E006C8135 /* UIStateRestoration.h */,
				101FC4641D1D320E006C8135 /* UIStepper.h */,
				101FC4651D1D320E006C8135 /* UIStoryboard.h */,
				101FC4661D1D320E006C8135 /* UIStoryboardPopoverSegue.h */,
				101FC4671D1D320E006C8135 /* UIStoryboardSegue.h */,
				101FC4681D1D320E006C8135 /* UIStringDrawing.h */,
				101FC4691D1D320E006C8135 /* UISwipeGestureRecognizer.h */,
				101FC46A1D1D320E006C8135 /* UISwitch.h */,
				101FC46B1D1D320E006C8135 /* UITabBar.h */,
				101FC46C1D1D320E006C8135 /* UITabBarController.h */,
				101FC46D1D1D320E006C8135 /* UITabBarItem.h */,
				101FC46E1D1D320E006C8135 /* UITableView.h */,
				101FC46F1D1D320E006C8135 /* UITableViewCell.h */,
				101FC4701D1D320E006C8135 /* UITableViewController.h */,
				101FC4711D1D320E006C8135 /* UITableViewHeaderFooterView.h */,
				101FC4721D1D320E006C8135 /* UITapGestureRecognizer.h */,
				101FC4731D1D320E006C8135 /* UITextChecker.h */,
				101FC4741D1D320E006C8135 /* UITextField.h */,
				101FC4751D1D320E006C8135 /* UITextInput.h */,
				101FC4761D1D320E006C8135 /* UITextInputTraits.h */,
				101FC4771D1D320E006C8135 /* UITextView.h */,
				101FC4781D1D320E006C8135 /* UIToolbar.h */,
				101FC4791D1D320E006C8135 /* UITouch.h */,
				101FC47A1D1D320E006C8135 /* UITraitCollection.h */,
				101FC47B1D1D320E006C8135 /* UIUserNotificationSettings.h */,
				101FC47C1D1D320E006C8135 /* UIVideoEditorController.h */,
				101FC47D1D1D320E006C8135 /* UIView.h */,
				101FC47E1D1D320E006C8135 /* UIViewController.h */,
				101FC47F1D1D320E006C8135 /* UIViewControllerTransitionCoordinator.h */,
				101FC4801D1D320E006C8135 /* UIViewControllerTransitioning.h */,
				101FC4811D1D320E006C8135 /* UIVisualEffectView.h */,
				101FC4821D1D320E006C8135 /* UIWebView.h */,
				101FC4831D1D320E006C8135 /* UIWindow.h */,
			);
			path = Headers;
			sourceTree = "<group>";
		};
		101FC4861D1D32DF006C8135 /* Foundation */ = {
			isa = PBXGroup;
			children = (
				101FC4871D1D331E006C8135 /* Headers */,
			);
			path = Foundation;
			sourceTree = "<group>";
		};
		101FC4871D1D331E006C8135 /* Headers */ = {
			isa = PBXGroup;
			children = (
				101FC4881D1D331E006C8135 /* Foundation.h */,
				101FC4891D1D331E006C8135 /* FoundationErrors.h */,
				101FC48A1D1D331E006C8135 /* NSArray.h */,
				101FC48B1D1D331E006C8135 /* NSAttributedString.h */,
				101FC48C1D1D331E006C8135 /* NSAutoreleasePool.h */,
				101FC48D1D1D331E006C8135 /* NSBundle.h */,
				101FC48E1D1D331E006C8135 /* NSByteCountFormatter.h */,
				101FC48F1D1D331E006C8135 /* NSByteOrder.h */,
				101FC4901D1D331E006C8135 /* NSCache.h */,
				101FC4911D1D331E006C8135 /* NSCalendar.h */,
				101FC4921D1D331E006C8135 /* NSCharacterSet.h */,
				101FC4931D1D331E006C8135 /* NSCoder.h */,
				101FC4941D1D331E006C8135 /* NSComparisonPredicate.h */,
				101FC4951D1D331E006C8135 /* NSCompoundPredicate.h */,
				101FC4961D1D331E006C8135 /* NSData.h */,
				101FC4971D1D331E006C8135 /* NSDate.h */,
				101FC4981D1D331E006C8135 /* NSDateComponentsFormatter.h */,
				101FC4991D1D331E006C8135 /* NSDateFormatter.h */,
				101FC49A1D1D331E006C8135 /* NSDateIntervalFormatter.h */,
				101FC49B1D1D331E006C8135 /* NSDecimal.h */,
				101FC49C1D1D331E006C8135 /* NSDecimalNumber.h */,
				101FC49D1D1D331E006C8135 /* NSDictionary.h */,
				101FC49E1D1D331E006C8135 /* NSEnergyFormatter.h */,
				101FC49F1D1D331E006C8135 /* NSEnumerator.h */,
				101FC4A01D1D331E006C8135 /* NSError.h */,
				101FC4A11D1D331E006C8135 /* NSException.h */,
				101FC4A21D1D331E006C8135 /* NSExpression.h */,
				101FC4A31D1D331E006C8135 /* NSExtensionContext.h */,
				101FC4A41D1D331E006C8135 /* NSExtensionItem.h */,
				101FC4A51D1D331E006C8135 /* NSExtensionRequestHandling.h */,
				101FC4A61D1D331E006C8135 /* NSFileCoordinator.h */,
				101FC4A71D1D331E006C8135 /* NSFileHandle.h */,
				101FC4A81D1D331E006C8135 /* NSFileManager.h */,
				101FC4A91D1D331E006C8135 /* NSFilePresenter.h */,
				101FC4AA1D1D331E006C8135 /* NSFileVersion.h */,
				101FC4AB1D1D331E006C8135 /* NSFileWrapper.h */,
				101FC4AC1D1D331E006C8135 /* NSFormatter.h */,
				101FC4AD1D1D331E006C8135 /* NSHashTable.h */,
				101FC4AE1D1D331E006C8135 /* NSHTTPCookie.h */,
				101FC4AF1D1D331E006C8135 /* NSHTTPCookieStorage.h */,
				101FC4B01D1D331E006C8135 /* NSIndexPath.h */,
				101FC4B11D1D331E006C8135 /* NSIndexSet.h */,
				101FC4B21D1D331E006C8135 /* NSInvocation.h */,
				101FC4B31D1D331E006C8135 /* NSItemProvider.h */,
				101FC4B41D1D331E006C8135 /* NSJSONSerialization.h */,
				101FC4B51D1D331E006C8135 /* NSKeyedArchiver.h */,
				101FC4B61D1D331E006C8135 /* NSKeyValueCoding.h */,
				101FC4B71D1D331E006C8135 /* NSKeyValueObserving.h */,
				101FC4B81D1D331E006C8135 /* NSLengthFormatter.h */,
				101FC4B91D1D331E006C8135 /* NSLinguisticTagger.h */,
				101FC4BA1D1D331E006C8135 /* NSLocale.h */,
				101FC4BB1D1D331E006C8135 /* NSLock.h */,
				101FC4BC1D1D331E006C8135 /* NSMapTable.h */,
				101FC4BD1D1D331E006C8135 /* NSMassFormatter.h */,
				101FC4BE1D1D331E006C8135 /* NSMetadata.h */,
				101FC4BF1D1D331E006C8135 /* NSMetadataAttributes.h */,
				101FC4C01D1D331E006C8135 /* NSMethodSignature.h */,
				101FC4C11D1D331E006C8135 /* NSNetServices.h */,
				101FC4C21D1D331E006C8135 /* NSNotification.h */,
				101FC4C31D1D331E006C8135 /* NSNotificationQueue.h */,
				101FC4C41D1D331E006C8135 /* NSNull.h */,
				101FC4C51D1D331E006C8135 /* NSNumberFormatter.h */,
				101FC4C61D1D331E006C8135 /* NSObjCRuntime.h */,
				101FC4C71D1D331E006C8135 /* NSObject.h */,
				101FC4C81D1D331E006C8135 /* NSOperation.h */,
				101FC4C91D1D331E006C8135 /* NSOrderedSet.h */,
				101FC4CA1D1D331E006C8135 /* NSOrthography.h */,
				101FC4CB1D1D331E006C8135 /* NSPathUtilities.h */,
				101FC4CC1D1D331E006C8135 /* NSPersonNameComponents.h */,
				101FC4CD1D1D331E006C8135 /* NSPersonNameComponentsFormatter.h */,
				101FC4CE1D1D331E006C8135 /* NSPointerArray.h */,
				101FC4CF1D1D331E006C8135 /* NSPointerFunctions.h */,
				101FC4D01D1D331E006C8135 /* NSPort.h */,
				101FC4D11D1D331E006C8135 /* NSPredicate.h */,
				101FC4D21D1D331E006C8135 /* NSProcessInfo.h */,
				101FC4D31D1D331E006C8135 /* NSProgress.h */,
				101FC4D41D1D331E006C8135 /* NSPropertyList.h */,
				101FC4D51D1D331E006C8135 /* NSProxy.h */,
				101FC4D61D1D331E006C8135 /* NSRange.h */,
				101FC4D71D1D331E006C8135 /* NSRegularExpression.h */,
				101FC4D81D1D331E006C8135 /* NSRunLoop.h */,
				101FC4D91D1D331E006C8135 /* NSScanner.h */,
				101FC4DA1D1D331E006C8135 /* NSSet.h */,
				101FC4DB1D1D331E006C8135 /* NSSortDescriptor.h */,
				101FC4DC1D1D331E006C8135 /* NSStream.h */,
				101FC4DD1D1D331E006C8135 /* NSString.h */,
				101FC4DE1D1D331E006C8135 /* NSTextCheckingResult.h */,
				101FC4DF1D1D331E006C8135 /* NSThread.h */,
				101FC4E01D1D331E006C8135 /* NSTimer.h */,
				101FC4E11D1D331E006C8135 /* NSTimeZone.h */,
				101FC4E21D1D331E006C8135 /* NSUbiquitousKeyValueStore.h */,
				101FC4E31D1D331E006C8135 /* NSUndoManager.h */,
				101FC4E41D1D331E006C8135 /* NSURL.h */,
				101FC4E51D1D331E006C8135 /* NSURLAuthenticationChallenge.h */,
				101FC4E61D1D331E006C8135 /* NSURLCache.h */,
				101FC4E71D1D331E006C8135 /* NSURLConnection.h */,
				101FC4E81D1D331E006C8135 /* NSURLCredential.h */,
				101FC4E91D1D331E006C8135 /* NSURLCredentialStorage.h */,
				101FC4EA1D1D331E006C8135 /* NSURLError.h */,
				101FC4EB1D1D331E006C8135 /* NSURLProtectionSpace.h */,
				101FC4EC1D1D331E006C8135 /* NSURLProtocol.h */,
				101FC4ED1D1D331E006C8135 /* NSURLRequest.h */,
				101FC4EE1D1D331E006C8135 /* NSURLResponse.h */,
				101FC4EF1D1D331E006C8135 /* NSURLSession.h */,
				101FC4F01D1D331E006C8135 /* NSUserActivity.h */,
				101FC4F11D1D331E006C8135 /* NSUserDefaults.h */,
				101FC4F21D1D331E006C8135 /* NSUUID.h */,
				101FC4F31D1D331E006C8135 /* NSValue.h */,
				101FC4F41D1D331E006C8135 /* NSValueTransformer.h */,
				101FC4F51D1D331E006C8135 /* NSXMLParser.h */,
				101FC4F61D1D331E006C8135 /* NSZone.h */,
			);
			path = Headers;
			sourceTree = "<group>";
		};
		109236CD1CFBF51600CE0BB0 = {
			isa = PBXGroup;
			children = (
				101FC4841D1D3242006C8135 /* Default-568h@2x.png */,
				109236D81CFBF51600CE0BB0 /* iOSAPI */,
				109236F21CFBF51600CE0BB0 /* iOSAPITests */,
				109236FD1CFBF51600CE0BB0 /* iOSAPIUITests */,
				109236D71CFBF51600CE0BB0 /* Products */,
			);
			sourceTree = "<group>";
		};
		109236D71CFBF51600CE0BB0 /* Products */ = {
			isa = PBXGroup;
			children = (
				109236D61CFBF51600CE0BB0 /* iOSAPI.app */,
				109236EF1CFBF51600CE0BB0 /* iOSAPITests.xctest */,
				109236FA1CFBF51600CE0BB0 /* iOSAPIUITests.xctest */,
			);
			name = Products;
			sourceTree = "<group>";
		};
		109236D81CFBF51600CE0BB0 /* iOSAPI */ = {
			isa = PBXGroup;
			children = (
				101FC4861D1D32DF006C8135 /* Foundation */,
				101FC2651D1D308B006C8135 /* UIKit */,
				109236DC1CFBF51600CE0BB0 /* AppDelegate.h */,
				109236DD1CFBF51600CE0BB0 /* AppDelegate.m */,
				109236E51CFBF51600CE0BB0 /* Assets.xcassets */,
				109236E71CFBF51600CE0BB0 /* LaunchScreen.storyboard */,
				109236D91CFBF51600CE0BB0 /* Supporting Files */,
			);
			path = iOSAPI;
			sourceTree = "<group>";
		};
		109236D91CFBF51600CE0BB0 /* Supporting Files */ = {
			isa = PBXGroup;
			children = (
				109236EA1CFBF51600CE0BB0 /* iOSAPI-Info.plist */,
				10FFD10A1D01320F00B5E737 /* iOSAPI-Prefix.pch */,
				109236DA1CFBF51600CE0BB0 /* main.m */,
			);
			name = "Supporting Files";
			sourceTree = "<group>";
		};
		109236F21CFBF51600CE0BB0 /* iOSAPITests */ = {
			isa = PBXGroup;
			children = (
				109236F31CFBF51600CE0BB0 /* iOSAPITests.m */,
				109236F51CFBF51600CE0BB0 /* Info.plist */,
			);
			path = iOSAPITests;
			sourceTree = "<group>";
		};
		109236FD1CFBF51600CE0BB0 /* iOSAPIUITests */ = {
			isa = PBXGroup;
			children = (
				109236FE1CFBF51600CE0BB0 /* iOSAPIUITests.m */,
				109237001CFBF51600CE0BB0 /* Info.plist */,
			);
			path = iOSAPIUITests;
			sourceTree = "<group>";
		};
/* End PBXGroup section */

/* Begin PBXNativeTarget section */
		109236D51CFBF51600CE0BB0 /* iOSAPI */ = {
			isa = PBXNativeTarget;
			buildConfigurationList = 109237031CFBF51600CE0BB0 /* Build configuration list for PBXNativeTarget "iOSAPI" */;
			buildPhases = (
				109236D21CFBF51600CE0BB0 /* Sources */,
				109236D31CFBF51600CE0BB0 /* Frameworks */,
				109236D41CFBF51600CE0BB0 /* Resources */,
			);
			buildRules = (
			);
			dependencies = (
			);
			name = iOSAPI;
			productName = iOSAPI;
			productReference = 109236D61CFBF51600CE0BB0 /* iOSAPI.app */;
			productType = "com.apple.product-type.application";
		};
		109236EE1CFBF51600CE0BB0 /* iOSAPITests */ = {
			isa = PBXNativeTarget;
			buildConfigurationList = 109237061CFBF51600CE0BB0 /* Build configuration list for PBXNativeTarget "iOSAPITests" */;
			buildPhases = (
				109236EB1CFBF51600CE0BB0 /* Sources */,
				109236EC1CFBF51600CE0BB0 /* Frameworks */,
				109236ED1CFBF51600CE0BB0 /* Resources */,
			);
			buildRules = (
			);
			dependencies = (
				109236F11CFBF51600CE0BB0 /* PBXTargetDependency */,
			);
			name = iOSAPITests;
			productName = iOSAPITests;
			productReference = 109236EF1CFBF51600CE0BB0 /* iOSAPITests.xctest */;
			productType = "com.apple.product-type.bundle.unit-test";
		};
		109236F91CFBF51600CE0BB0 /* iOSAPIUITests */ = {
			isa = PBXNativeTarget;
			buildConfigurationList = 109237091CFBF51600CE0BB0 /* Build configuration list for PBXNativeTarget "iOSAPIUITests" */;
			buildPhases = (
				109236F61CFBF51600CE0BB0 /* Sources */,
				109236F71CFBF51600CE0BB0 /* Frameworks */,
				109236F81CFBF51600CE0BB0 /* Resources */,
			);
			buildRules = (
			);
			dependencies = (
				109236FC1CFBF51600CE0BB0 /* PBXTargetDependency */,
			);
			name = iOSAPIUITests;
			productName = iOSAPIUITests;
			productReference = 109236FA1CFBF51600CE0BB0 /* iOSAPIUITests.xctest */;
			productType = "com.apple.product-type.bundle.ui-testing";
		};
/* End PBXNativeTarget section */

/* Begin PBXProject section */
		109236CE1CFBF51600CE0BB0 /* Project object */ = {
			isa = PBXProject;
			attributes = {
				LastUpgradeCheck = 0730;
				ORGANIZATIONNAME = "刘建立";
				TargetAttributes = {
					109236D51CFBF51600CE0BB0 = {
						CreatedOnToolsVersion = 7.3;
					};
					109236EE1CFBF51600CE0BB0 = {
						CreatedOnToolsVersion = 7.3;
						TestTargetID = 109236D51CFBF51600CE0BB0;
					};
					109236F91CFBF51600CE0BB0 = {
						CreatedOnToolsVersion = 7.3;
						TestTargetID = 109236D51CFBF51600CE0BB0;
					};
				};
			};
			buildConfigurationList = 109236D11CFBF51600CE0BB0 /* Build configuration list for PBXProject "iOSAPI" */;
			compatibilityVersion = "Xcode 3.2";
			developmentRegion = English;
			hasScannedForEncodings = 0;
			knownRegions = (
				en,
				Base,
				ar,
				ca,
				cs,
				da,
				Dutch,
				el,
				en_AU,
				en_GB,
				en_IN,
				English,
				fi,
				fr_CA,
				French,
				German,
				he,
				hi,
				hr,
				hu,
				id,
				Italian,
				Japanese,
				ko,
				ms,
				no,
				pl,
				pt,
				pt_PT,
				ro,
				ru,
				sk,
				Spanish,
				sv,
				th,
				tr,
				uk,
				vi,
				zh_CN,
				zh_HK,
				zh_TW,
			);
			mainGroup = 109236CD1CFBF51600CE0BB0;
			productRefGroup = 109236D71CFBF51600CE0BB0 /* Products */;
			projectDirPath = "";
			projectRoot = "";
			targets = (
				109236D51CFBF51600CE0BB0 /* iOSAPI */,
				109236EE1CFBF51600CE0BB0 /* iOSAPITests */,
				109236F91CFBF51600CE0BB0 /* iOSAPIUITests */,
			);
		};
/* End PBXProject section */

/* Begin PBXResourcesBuildPhase section */
		109236D41CFBF51600CE0BB0 /* Resources */ = {
			isa = PBXResourcesBuildPhase;
			buildActionMask = 2147483647;
			files = (
				109236E91CFBF51600CE0BB0 /* LaunchScreen.storyboard in Resources */,
				109236E61CFBF51600CE0BB0 /* Assets.xcassets in Resources */,
				101FC4851D1D3242006C8135 /* Default-568h@2x.png in Resources */,
			);
			runOnlyForDeploymentPostprocessing = 0;
		};
		109236ED1CFBF51600CE0BB0 /* Resources */ = {
			isa = PBXResourcesBuildPhase;
			buildActionMask = 2147483647;
			files = (
			);
			runOnlyForDeploymentPostprocessing = 0;
		};
		109236F81CFBF51600CE0BB0 /* Resources */ = {
			isa = PBXResourcesBuildPhase;
			buildActionMask = 2147483647;
			files = (
			);
			runOnlyForDeploymentPostprocessing = 0;
		};
/* End PBXResourcesBuildPhase section */

/* Begin PBXSourcesBuildPhase section */
		109236D21CFBF51600CE0BB0 /* Sources */ = {
			isa = PBXSourcesBuildPhase;
			buildActionMask = 2147483647;
			files = (
				109236DE1CFBF51600CE0BB0 /* AppDelegate.m in Sources */,
				109236DB1CFBF51600CE0BB0 /* main.m in Sources */,
			);
			runOnlyForDeploymentPostprocessing = 0;
		};
		109236EB1CFBF51600CE0BB0 /* Sources */ = {
			isa = PBXSourcesBuildPhase;
			buildActionMask = 2147483647;
			files = (
				109236F41CFBF51600CE0BB0 /* iOSAPITests.m in Sources */,
			);
			runOnlyForDeploymentPostprocessing = 0;
		};
		109236F61CFBF51600CE0BB0 /* Sources */ = {
			isa = PBXSourcesBuildPhase;
			buildActionMask = 2147483647;
			files = (
				109236FF1CFBF51600CE0BB0 /* iOSAPIUITests.m in Sources */,
			);
			runOnlyForDeploymentPostprocessing = 0;
		};
/* End PBXSourcesBuildPhase section */

/* Begin PBXTargetDependency section */
		109236F11CFBF51600CE0BB0 /* PBXTargetDependency */ = {
			isa = PBXTargetDependency;
			target = 109236D51CFBF51600CE0BB0 /* iOSAPI */;
			targetProxy = 109236F01CFBF51600CE0BB0 /* PBXContainerItemProxy */;
		};
		109236FC1CFBF51600CE0BB0 /* PBXTargetDependency */ = {
			isa = PBXTargetDependency;
			target = 109236D51CFBF51600CE0BB0 /* iOSAPI */;
			targetProxy = 109236FB1CFBF51600CE0BB0 /* PBXContainerItemProxy */;
		};
/* End PBXTargetDependency section */

/* Begin PBXVariantGroup section */
		109236E71CFBF51600CE0BB0 /* LaunchScreen.storyboard */ = {
			isa = PBXVariantGroup;
			children = (
				109236E81CFBF51600CE0BB0 /* Base */,
			);
			name = LaunchScreen.storyboard;
			sourceTree = "<group>";
		};
/* End PBXVariantGroup section */

/* Begin XCBuildConfiguration section */
		109237011CFBF51600CE0BB0 /* Debug */ = {
			isa = XCBuildConfiguration;
			buildSettings = {
				ALWAYS_SEARCH_USER_PATHS = NO;
				CLANG_ANALYZER_NONNULL = YES;
				CLANG_CXX_LANGUAGE_STANDARD = "gnu++0x";
				CLANG_CXX_LIBRARY = "libc++";
				CLANG_ENABLE_MODULES = YES;
				CLANG_ENABLE_OBJC_ARC = YES;
				CLANG_WARN_BOOL_CONVERSION = YES;
				CLANG_WARN_CONSTANT_CONVERSION = YES;
				CLANG_WARN_DIRECT_OBJC_ISA_USAGE = YES_ERROR;
				CLANG_WARN_EMPTY_BODY = YES;
				CLANG_WARN_ENUM_CONVERSION = YES;
				CLANG_WARN_INT_CONVERSION = YES;
				CLANG_WARN_OBJC_ROOT_CLASS = YES_ERROR;
				CLANG_WARN_UNREACHABLE_CODE = YES;
				CLANG_WARN__DUPLICATE_METHOD_MATCH = YES;
				"CODE_SIGN_IDENTITY[sdk=iphoneos*]" = "iPhone Developer";
				COPY_PHASE_STRIP = NO;
				DEBUG_INFORMATION_FORMAT = dwarf;
				ENABLE_STRICT_OBJC_MSGSEND = YES;
				ENABLE_TESTABILITY = YES;
				GCC_C_LANGUAGE_STANDARD = gnu99;
				GCC_DYNAMIC_NO_PIC = NO;
				GCC_NO_COMMON_BLOCKS = YES;
				GCC_OPTIMIZATION_LEVEL = 0;
				GCC_PREPROCESSOR_DEFINITIONS = (
					"DEBUG=1",
					"$(inherited)",
				);
				GCC_WARN_64_TO_32_BIT_CONVERSION = YES;
				GCC_WARN_ABOUT_RETURN_TYPE = YES_ERROR;
				GCC_WARN_UNDECLARED_SELECTOR = YES;
				GCC_WARN_UNINITIALIZED_AUTOS = YES_AGGRESSIVE;
				GCC_WARN_UNUSED_FUNCTION = YES;
				GCC_WARN_UNUSED_VARIABLE = YES;
				IPHONEOS_DEPLOYMENT_TARGET = 9.3;
				MTL_ENABLE_DEBUG_INFO = YES;
				ONLY_ACTIVE_ARCH = YES;
				SDKROOT = iphoneos;
				TARGETED_DEVICE_FAMILY = "1,2";
			};
			name = Debug;
		};
		109237021CFBF51600CE0BB0 /* Release */ = {
			isa = XCBuildConfiguration;
			buildSettings = {
				ALWAYS_SEARCH_USER_PATHS = NO;
				CLANG_ANALYZER_NONNULL = YES;
				CLANG_CXX_LANGUAGE_STANDARD = "gnu++0x";
				CLANG_CXX_LIBRARY = "libc++";
				CLANG_ENABLE_MODULES = YES;
				CLANG_ENABLE_OBJC_ARC = YES;
				CLANG_WARN_BOOL_CONVERSION = YES;
				CLANG_WARN_CONSTANT_CONVERSION = YES;
				CLANG_WARN_DIRECT_OBJC_ISA_USAGE = YES_ERROR;
				CLANG_WARN_EMPTY_BODY = YES;
				CLANG_WARN_ENUM_CONVERSION = YES;
				CLANG_WARN_INT_CONVERSION = YES;
				CLANG_WARN_OBJC_ROOT_CLASS = YES_ERROR;
				CLANG_WARN_UNREACHABLE_CODE = YES;
				CLANG_WARN__DUPLICATE_METHOD_MATCH = YES;
				"CODE_SIGN_IDENTITY[sdk=iphoneos*]" = "iPhone Developer";
				COPY_PHASE_STRIP = NO;
				DEBUG_INFORMATION_FORMAT = "dwarf-with-dsym";
				ENABLE_NS_ASSERTIONS = NO;
				ENABLE_STRICT_OBJC_MSGSEND = YES;
				GCC_C_LANGUAGE_STANDARD = gnu99;
				GCC_NO_COMMON_BLOCKS = YES;
				GCC_WARN_64_TO_32_BIT_CONVERSION = YES;
				GCC_WARN_ABOUT_RETURN_TYPE = YES_ERROR;
				GCC_WARN_UNDECLARED_SELECTOR = YES;
				GCC_WARN_UNINITIALIZED_AUTOS = YES_AGGRESSIVE;
				GCC_WARN_UNUSED_FUNCTION = YES;
				GCC_WARN_UNUSED_VARIABLE = YES;
				IPHONEOS_DEPLOYMENT_TARGET = 9.3;
				MTL_ENABLE_DEBUG_INFO = NO;
				SDKROOT = iphoneos;
				TARGETED_DEVICE_FAMILY = "1,2";
				VALIDATE_PRODUCT = YES;
			};
			name = Release;
		};
		109237041CFBF51600CE0BB0 /* Debug */ = {
			isa = XCBuildConfiguration;
			buildSettings = {
				ASSETCATALOG_COMPILER_APPICON_NAME = AppIcon;
				FRAMEWORK_SEARCH_PATHS = (
					"$(inherited)",
					"$(PROJECT_DIR)/iOSAPI/UIKit",
				);
				INFOPLIST_FILE = "$(SRCROOT)/iOSAPI/iOSAPI-Info.plist";
				IPHONEOS_DEPLOYMENT_TARGET = 9.0;
				LD_RUNPATH_SEARCH_PATHS = "$(inherited) @executable_path/Frameworks";
				LIBRARY_SEARCH_PATHS = (
					"$(inherited)",
					"$(PROJECT_DIR)/iOSAPI/UIKit",
				);
				PRODUCT_BUNDLE_IDENTIFIER = com.27jnt.iOSAPI;
				PRODUCT_NAME = "$(TARGET_NAME)";
			};
			name = Debug;
		};
		109237051CFBF51600CE0BB0 /* Release */ = {
			isa = XCBuildConfiguration;
			buildSettings = {
				ASSETCATALOG_COMPILER_APPICON_NAME = AppIcon;
				FRAMEWORK_SEARCH_PATHS = (
					"$(inherited)",
					"$(PROJECT_DIR)/iOSAPI/UIKit",
				);
				INFOPLIST_FILE = "$(SRCROOT)/iOSAPI/iOSAPI-Info.plist";
				IPHONEOS_DEPLOYMENT_TARGET = 9.0;
				LD_RUNPATH_SEARCH_PATHS = "$(inherited) @executable_path/Frameworks";
				LIBRARY_SEARCH_PATHS = (
					"$(inherited)",
					"$(PROJECT_DIR)/iOSAPI/UIKit",
				);
				PRODUCT_BUNDLE_IDENTIFIER = com.27jnt.iOSAPI;
				PRODUCT_NAME = "$(TARGET_NAME)";
			};
			name = Release;
		};
		109237071CFBF51600CE0BB0 /* Debug */ = {
			isa = XCBuildConfiguration;
			buildSettings = {
				BUNDLE_LOADER = "$(TEST_HOST)";
				INFOPLIST_FILE = iOSAPITests/Info.plist;
				LD_RUNPATH_SEARCH_PATHS = "$(inherited) @executable_path/Frameworks @loader_path/Frameworks";
				PRODUCT_BUNDLE_IDENTIFIER = com.27jnt.iOSAPITests;
				PRODUCT_NAME = "$(TARGET_NAME)";
				TEST_HOST = "$(BUILT_PRODUCTS_DIR)/iOSAPI.app/iOSAPI";
			};
			name = Debug;
		};
		109237081CFBF51600CE0BB0 /* Release */ = {
			isa = XCBuildConfiguration;
			buildSettings = {
				BUNDLE_LOADER = "$(TEST_HOST)";
				INFOPLIST_FILE = iOSAPITests/Info.plist;
				LD_RUNPATH_SEARCH_PATHS = "$(inherited) @executable_path/Frameworks @loader_path/Frameworks";
				PRODUCT_BUNDLE_IDENTIFIER = com.27jnt.iOSAPITests;
				PRODUCT_NAME = "$(TARGET_NAME)";
				TEST_HOST = "$(BUILT_PRODUCTS_DIR)/iOSAPI.app/iOSAPI";
			};
			name = Release;
		};
		1092370A1CFBF51600CE0BB0 /* Debug */ = {
			isa = XCBuildConfiguration;
			buildSettings = {
				INFOPLIST_FILE = iOSAPIUITests/Info.plist;
				LD_RUNPATH_SEARCH_PATHS = "$(inherited) @executable_path/Frameworks @loader_path/Frameworks";
				PRODUCT_BUNDLE_IDENTIFIER = com.27jnt.iOSAPIUITests;
				PRODUCT_NAME = "$(TARGET_NAME)";
				TEST_TARGET_NAME = iOSAPI;
			};
			name = Debug;
		};
		1092370B1CFBF51600CE0BB0 /* Release */ = {
			isa = XCBuildConfiguration;
			buildSettings = {
				INFOPLIST_FILE = iOSAPIUITests/Info.plist;
				LD_RUNPATH_SEARCH_PATHS = "$(inherited) @executable_path/Frameworks @loader_path/Frameworks";
				PRODUCT_BUNDLE_IDENTIFIER = com.27jnt.iOSAPIUITests;
				PRODUCT_NAME = "$(TARGET_NAME)";
				TEST_TARGET_NAME = iOSAPI;
			};
			name = Release;
		};
/* End XCBuildConfiguration section */

/* Begin XCConfigurationList section */
		109236D11CFBF51600CE0BB0 /* Build configuration list for PBXProject "iOSAPI" */ = {
			isa = XCConfigurationList;
			buildConfigurations = (
				109237011CFBF51600CE0BB0 /* Debug */,
				109237021CFBF51600CE0BB0 /* Release */,
			);
			defaultConfigurationIsVisible = 0;
			defaultConfigurationName = Release;
		};
		109237031CFBF51600CE0BB0 /* Build configuration list for PBXNativeTarget "iOSAPI" */ = {
			isa = XCConfigurationList;
			buildConfigurations = (
				109237041CFBF51600CE0BB0 /* Debug */,
				109237051CFBF51600CE0BB0 /* Release */,
			);
			defaultConfigurationIsVisible = 0;
			defaultConfigurationName = Release;
		};
		109237061CFBF51600CE0BB0 /* Build configuration list for PBXNativeTarget "iOSAPITests" */ = {
			isa = XCConfigurationList;
			buildConfigurations = (
				109237071CFBF51600CE0BB0 /* Debug */,
				109237081CFBF51600CE0BB0 /* Release */,
			);
			defaultConfigurationIsVisible = 0;
			defaultConfigurationName = Release;
		};
		109237091CFBF51600CE0BB0 /* Build configuration list for PBXNativeTarget "iOSAPIUITests" */ = {
			isa = XCConfigurationList;
			buildConfigurations = (
				1092370A1CFBF51600CE0BB0 /* Debug */,
				1092370B1CFBF51600CE0BB0 /* Release */,
			);
			defaultConfigurationIsVisible = 0;
			defaultConfigurationName = Release;
		};
/* End XCConfigurationList section */
	};
	rootObject = 109236CE1CFBF51600CE0BB0 /* Project object */;
}
